
Microsoft Visual Studio Solution File, Format Version 11.00
# Visual Studio 2010
Project("{2150E333-8FDC-42A3-9474-1A3956D46DE8}") = "Ria", "Ria", "{E4B7B82D-CB24-4769-AA8E-BADCC76FFD6F}"
EndProject
Project("{FAE04EC0-301F-11D3-BF4B-00C04F79EFBC}") = "Rem.Ria.Shell", "Ria\Rem.Ria.Shell\Rem.Ria.Shell.csproj", "{1A27CD66-4C00-4AE5-948E-410C75A903E1}"
EndProject
Project("{2150E333-8FDC-42A3-9474-1A3956D46DE8}") = "Solution Items", "Solution Items", "{F540DE6D-AAF0-4111-A8D4-66AB28737324}"
	ProjectSection(SolutionItems) = preProject
		Local.testsettings = Local.testsettings
		Rem.vsmdi = Rem.vsmdi
		TraceAndTestImpact.testsettings = TraceAndTestImpact.testsettings
	EndProjectSection
EndProject
Project("{FAE04EC0-301F-11D3-BF4B-00C04F79EFBC}") = "Rem.Ria.Infrastructure.Tests", "Ria\Rem.Ria.Infrastructure.Tests\Rem.Ria.Infrastructure.Tests.csproj", "{B2648F89-C194-48C8-A084-EF7C33B6045C}"
EndProject
Project("{FAE04EC0-301F-11D3-BF4B-00C04F79EFBC}") = "Rem.Ria.PatientModule", "Ria\Rem.Ria.PatientModule\Rem.Ria.PatientModule.csproj", "{8CB2F5D8-FC64-4D69-9A3C-C52E37DAA49E}"
EndProject
Project("{FAE04EC0-301F-11D3-BF4B-00C04F79EFBC}") = "Rem.Ria.PatientModule.Web", "Ria\Rem.Ria.PatientModule.Web\Rem.Ria.PatientModule.Web.csproj", "{D47EDC6B-0BE3-4BC8-A43A-B0DA90CCF465}"
EndProject
Project("{FAE04EC0-301F-11D3-BF4B-00C04F79EFBC}") = "Rem.Ria.PatientModule.Web.Tests", "Ria\Rem.Ria.PatientModule.Web.Tests\Rem.Ria.PatientModule.Web.Tests.csproj", "{689AEF74-CBF9-4759-919C-26B18A3CAB8B}"
EndProject
Project("{FAE04EC0-301F-11D3-BF4B-00C04F79EFBC}") = "Rem.Ria.Infrastructure.Web", "Ria\Rem.Ria.Infrastructure.Web\Rem.Ria.Infrastructure.Web.csproj", "{D0DD4451-BAFD-41E2-B6B8-566E3BAFD20A}"
EndProject
Project("{2150E333-8FDC-42A3-9474-1A3956D46DE8}") = "Tools", "Tools", "{47F65740-6125-4935-B875-E69111E2CBE5}"
EndProject
Project("{FAE04EC0-301F-11D3-BF4B-00C04F79EFBC}") = "ExportSchema", "Tools\ExportSchema\ExportSchema.csproj", "{BD7ED6FD-DD1F-4375-A772-24C356BB61C3}"
EndProject
Project("{FAE04EC0-301F-11D3-BF4B-00C04F79EFBC}") = "CodeAnalysisDatabaseRules", "Tools\CodeAnalysisDatabaseRules\CodeAnalysisDatabaseRules.csproj", "{24516713-A01C-447F-8A7E-894F0CDDE6A9}"
EndProject
Project("{FAE04EC0-301F-11D3-BF4B-00C04F79EFBC}") = "Rem.Ria.Infrastructure.Web.Tests", "Ria\Rem.Ria.Infrastructure.Web.Tests\Rem.Ria.Infrastructure.Web.Tests.csproj", "{0D998ABC-E0B8-47EB-9D74-114209527419}"
EndProject
Project("{FAE04EC0-301F-11D3-BF4B-00C04F79EFBC}") = "Rem.Ria.AgencyModule.Web", "Ria\Rem.Ria.AgencyModule.Web\Rem.Ria.AgencyModule.Web.csproj", "{328DE49F-A6FE-4922-BBE5-71BB375389EF}"
EndProject
Project("{FAE04EC0-301F-11D3-BF4B-00C04F79EFBC}") = "Rem.Ria.AgencyModule.Web.Tests", "Ria\Rem.Ria.AgencyModule.Web.Tests\Rem.Ria.AgencyModule.Web.Tests.csproj", "{FAEA24DE-FC75-4261-889B-304F59D3FF85}"
EndProject
Project("{FAE04EC0-301F-11D3-BF4B-00C04F79EFBC}") = "Rem.Ria.AgencyModule", "Ria\Rem.Ria.AgencyModule\Rem.Ria.AgencyModule.csproj", "{3A43018C-E0DE-42EB-9497-2734BB2B502E}"
EndProject
Project("{FAE04EC0-301F-11D3-BF4B-00C04F79EFBC}") = "GenerateLoadScripts", "Tools\GenerateLoadScripts\GenerateLoadScripts.csproj", "{53090AB1-0E1F-4C0D-B2A0-F5B2EC4D22B0}"
EndProject
Project("{2150E333-8FDC-42A3-9474-1A3956D46DE8}") = "Shared", "Shared", "{52C62930-A061-4CE6-8DE4-6138C4CE51A7}"
EndProject
Project("{FAE04EC0-301F-11D3-BF4B-00C04F79EFBC}") = "Rem.WellKnownNames", "Shared\Rem.WellKnownNames\Rem.WellKnownNames.csproj", "{0CA1E92B-B1E0-4E22-8FA5-747753AA8E72}"
EndProject
Project("{2150E333-8FDC-42A3-9474-1A3956D46DE8}") = "Scripts", "Scripts", "{9577438D-8610-40CF-B769-5D163E23604E}"
	ProjectSection(SolutionItems) = preProject
		Tools\Scripts\cloc-1.52.exe = Tools\Scripts\cloc-1.52.exe
		Tools\Scripts\install-gac-dev.cmd = Tools\Scripts\install-gac-dev.cmd
		Tools\Scripts\InstallAndStartRemNServiceBusHost.bat = Tools\Scripts\InstallAndStartRemNServiceBusHost.bat
		Tools\Scripts\RavenDB_Commands.ps1 = Tools\Scripts\RavenDB_Commands.ps1
	EndProjectSection
EndProject
Project("{FAE04EC0-301F-11D3-BF4B-00C04F79EFBC}") = "Rem.Ria.NewCropModule.Web", "Ria\Rem.Ria.NewCropModule.Web\Rem.Ria.NewCropModule.Web.csproj", "{A5046ADF-9F92-4C36-BA9B-33C738A652CC}"
EndProject
Project("{FAE04EC0-301F-11D3-BF4B-00C04F79EFBC}") = "Rem.Ria.NewCropModule", "Ria\Rem.Ria.NewCropModule\Rem.Ria.NewCropModule.csproj", "{5869DF27-DF47-4B74-81CC-6018DC77A070}"
EndProject
Project("{FAE04EC0-301F-11D3-BF4B-00C04F79EFBC}") = "Rem.Ria.NewCropModule.Web.Tests", "Ria\Rem.Ria.NewCropModule.Web.Tests\Rem.Ria.NewCropModule.Web.Tests.csproj", "{24632FDB-95C9-4112-A16A-20B8FF065B25}"
EndProject
Project("{FAE04EC0-301F-11D3-BF4B-00C04F79EFBC}") = "Excel2Code", "Tools\Excel2Code\Excel2Code.csproj", "{06DEC76A-D06E-4F12-8DCA-32E54ED86FB5}"
EndProject
Project("{2150E333-8FDC-42A3-9474-1A3956D46DE8}") = "REMSnippets", "REMSnippets", "{DFC4D98B-7633-470F-8ACF-0C64DD957EA4}"
	ProjectSection(SolutionItems) = preProject
		Tools\REMSnippets\ApplyPropertyChange.snippet = Tools\REMSnippets\ApplyPropertyChange.snippet
		Tools\REMSnippets\ValuesEquals.snippet = Tools\REMSnippets\ValuesEquals.snippet
	EndProjectSection
EndProject
Project("{FAE04EC0-301F-11D3-BF4B-00C04F79EFBC}") = "Rem.Ria.PatientModule.Tests", "Ria\Rem.Ria.PatientModule.Tests\Rem.Ria.PatientModule.Tests.csproj", "{55A8917A-EA43-403C-A00C-2FCAEB8E99EF}"
EndProject
Project("{FAE04EC0-301F-11D3-BF4B-00C04F79EFBC}") = "Rem.Ria.ReportsModule", "Ria\Rem.Ria.ReportsModule\Rem.Ria.ReportsModule.csproj", "{786FA73E-B9CB-4294-8157-F1C78103153F}"
EndProject
Project("{FAE04EC0-301F-11D3-BF4B-00C04F79EFBC}") = "Rem.Ria.ReportsModule.Web", "Ria\Rem.Ria.ReportsModule.Web\Rem.Ria.ReportsModule.Web.csproj", "{08210552-2F25-4A33-AFE4-9119FFF2AC60}"
EndProject
Project("{2150E333-8FDC-42A3-9474-1A3956D46DE8}") = "Pillar", "Pillar", "{192C67D7-026D-4003-9DDF-05F24B2672B4}"
EndProject
Project("{FAE04EC0-301F-11D3-BF4B-00C04F79EFBC}") = "Pillar.Common", "Pillar\Pillar.Common\Pillar.Common.csproj", "{6761BABC-8D45-4D08-B112-088FA47AB625}"
EndProject
Project("{FAE04EC0-301F-11D3-BF4B-00C04F79EFBC}") = "Pillar.Common.Silverlight", "Pillar\Pillar.Common.Silverlight\Pillar.Common.Silverlight.csproj", "{49D7FB03-A129-4E44-9327-51EC4E1E0FB4}"
EndProject
Project("{FAE04EC0-301F-11D3-BF4B-00C04F79EFBC}") = "Pillar.Common.Tests", "Pillar\Pillar.Common.Tests\Pillar.Common.Tests.csproj", "{55E77316-2E6B-4D00-AAD6-C755C70FE812}"
EndProject
Project("{FAE04EC0-301F-11D3-BF4B-00C04F79EFBC}") = "Pillar.FluentRuleEngine", "Pillar\Pillar.FluentRuleEngine\Pillar.FluentRuleEngine.csproj", "{26BEFDB1-9762-4132-9F45-06CABE14D43C}"
EndProject
Project("{FAE04EC0-301F-11D3-BF4B-00C04F79EFBC}") = "Pillar.FluentRuleEngine.Tests", "Pillar\Pillar.FluentRuleEngine.Tests\Pillar.FluentRuleEngine.Tests.csproj", "{DE7E4F9F-9917-4931-A44B-B21A18C86669}"
EndProject
Project("{FAE04EC0-301F-11D3-BF4B-00C04F79EFBC}") = "Pillar.Domain", "Pillar\Pillar.Domain\Pillar.Domain.csproj", "{88257D62-7FE9-4128-A39B-1FF4511C8B3A}"
EndProject
Project("{FAE04EC0-301F-11D3-BF4B-00C04F79EFBC}") = "Pillar.Security", "Pillar\Pillar.Security\Pillar.Security.csproj", "{450A9049-224E-47D2-ADF8-D57A168DC266}"
EndProject
Project("{FAE04EC0-301F-11D3-BF4B-00C04F79EFBC}") = "Pillar.Security.Silverlight", "Pillar\Pillar.Security.Silverlight\Pillar.Security.Silverlight.csproj", "{D0C24324-EBBE-450A-88D7-F71DA081B063}"
EndProject
Project("{FAE04EC0-301F-11D3-BF4B-00C04F79EFBC}") = "Pillar.Security.Tests", "Pillar\Pillar.Security.Tests\Pillar.Security.Tests.csproj", "{DF6C3E33-9425-410B-A103-069A249DD087}"
EndProject
Project("{FAE04EC0-301F-11D3-BF4B-00C04F79EFBC}") = "Pillar.FluentRuleEngine.Silverlight", "Pillar\Pillar.FluentRuleEngine.Silverlight\Pillar.FluentRuleEngine.Silverlight.csproj", "{E5664DBD-9741-4025-AE6E-56F289B10AF1}"
EndProject
Project("{FAE04EC0-301F-11D3-BF4B-00C04F79EFBC}") = "Pillar.Common.Castle", "Pillar\Pillar.Common.Castle\Pillar.Common.Castle.csproj", "{19543C42-11DF-4BE3-AAFF-8C0B6ED2E939}"
EndProject
Project("{FAE04EC0-301F-11D3-BF4B-00C04F79EFBC}") = "Pillar.FluentRuleEngine.Castle", "Pillar\Pillar.FluentRuleEngin.Castle\Pillar.FluentRuleEngine.Castle.csproj", "{F168EE13-6F43-4116-A91A-17A5D174ADEE}"
EndProject
Project("{FAE04EC0-301F-11D3-BF4B-00C04F79EFBC}") = "Pillar.Security.Castle", "Pillar\Pillar.Security.Castle\Pillar.Security.Castle.csproj", "{C7881CF5-78D7-456A-8A66-4AAC321342D5}"
EndProject
Project("{FAE04EC0-301F-11D3-BF4B-00C04F79EFBC}") = "Pillar.Common.Castle.Silverlight", "Pillar\Pillar.Common.Castle.Silverlight\Pillar.Common.Castle.Silverlight.csproj", "{AABEE5A5-1FB6-405F-A2B0-44970D25D4DB}"
EndProject
Project("{FAE04EC0-301F-11D3-BF4B-00C04F79EFBC}") = "Pillar.FluentRuleEngine.Castle.Silverlight", "Pillar\Pillar.FluentRuleEngine.Castle.Silverlight\Pillar.FluentRuleEngine.Castle.Silverlight.csproj", "{586B36F9-F3CE-43F5-ADF4-17EB6987BE40}"
EndProject
Project("{FAE04EC0-301F-11D3-BF4B-00C04F79EFBC}") = "Pillar.Security.Castle.Silverlight", "Pillar\Pillar.Security.Castle.Silverlight\Pillar.Security.Castle.Silverlight.csproj", "{2ADA20D1-F2BC-4B5F-A6BF-2F0C198EBC57}"
EndProject
Project("{FAE04EC0-301F-11D3-BF4B-00C04F79EFBC}") = "Pillar.Domain.NHibernate", "Pillar\Pillar.Domain.NHibernate\Pillar.Domain.NHibernate.csproj", "{E1332A3F-04D1-4D02-B0F0-A20046EAF437}"
EndProject
Project("{FAE04EC0-301F-11D3-BF4B-00C04F79EFBC}") = "Pillar.Domain.Tests", "Pillar\Pillar.Domain.Tests\Pillar.Domain.Tests.csproj", "{4F931C9B-A090-4C7C-AD99-F530BB5FD8DE}"
EndProject
Project("{FAE04EC0-301F-11D3-BF4B-00C04F79EFBC}") = "Pillar.IoC.StructureMap", "Pillar\Pillar.IoC.StructureMap\Pillar.IoC.StructureMap.csproj", "{1728DBDD-7471-4C03-809B-C2E83A4C8C7C}"
EndProject
Project("{FAE04EC0-301F-11D3-BF4B-00C04F79EFBC}") = "Pillar.IoC.Unity", "Pillar\Pillar.IoC.Unity\Pillar.IoC.Unity.csproj", "{CAAF02C4-DA84-47BF-8FB6-150BE71785CA}"
EndProject
Project("{FAE04EC0-301F-11D3-BF4B-00C04F79EFBC}") = "Pillar.IoC.Unity.Silverlight", "Pillar\Pillar.IoC.Unity.Silverlight\Pillar.IoC.Unity.Silverlight.csproj", "{FCD84E3E-877B-4694-AAF0-4F6A376FC50F}"
EndProject
Project("{FAE04EC0-301F-11D3-BF4B-00C04F79EFBC}") = "Rem.Ria.Infrastructure", "Ria\Rem.Ria.Infrastructure\Rem.Ria.Infrastructure.csproj", "{CF42EAE9-0AFA-4BA0-BEDC-395BD079761E}"
EndProject
Project("{2150E333-8FDC-42A3-9474-1A3956D46DE8}") = "Domain", "Domain", "{28AF6DD7-3636-440A-8443-3CB0A4084FA2}"
EndProject
Project("{C8D11400-126E-41CD-887F-60BD40844F9E}") = "Rem.Database", "Rem.Database\Rem.Database.dbproj", "{F4BB302D-442D-4567-AC1D-57AB5765E077}"
EndProject
Project("{2150E333-8FDC-42A3-9474-1A3956D46DE8}") = "Metadata", "Metadata", "{D948FE17-B49E-4037-9718-D329F2161BE3}"
EndProject
Project("{2150E333-8FDC-42A3-9474-1A3956D46DE8}") = "Default", "Default", "{86B88C1E-A39A-4722-A024-37B0147ADA39}"
	ProjectSection(SolutionItems) = preProject
		Rem.Metadata\Default\MetadataLayers-1.json = Rem.Metadata\Default\MetadataLayers-1.json
		Rem.Metadata\Default\MetadataRoots-1.json = Rem.Metadata\Default\MetadataRoots-1.json
	EndProjectSection
EndProject
Project("{FAE04EC0-301F-11D3-BF4B-00C04F79EFBC}") = "Rem.Web", "Rem.Web\Rem.Web.csproj", "{6349A84C-A9F3-4E3D-B6BA-4A0E382B34E3}"
EndProject
Project("{FAE04EC0-301F-11D3-BF4B-00C04F79EFBC}") = "Rem.Web.LocalSTS", "Rem.Web.LocalSTS\Rem.Web.LocalSTS.csproj", "{675B0F31-ECBF-45AE-81E1-EBE6CA3BCB14}"
EndProject
Project("{FAE04EC0-301F-11D3-BF4B-00C04F79EFBC}") = "Rem.Domain.Billing", "Domain\Rem.Domain.Billing\Rem.Domain.Billing.csproj", "{1BF4EBC9-3BA5-4979-9F91-19AFFB3E5FAF}"
EndProject
Project("{FAE04EC0-301F-11D3-BF4B-00C04F79EFBC}") = "Rem.Domain.Billing.Tests", "Domain\Rem.Domain.Billing.Tests\Rem.Domain.Billing.Tests.csproj", "{7A5EF097-198B-48DB-B21A-74072143CD4F}"
EndProject
Project("{FAE04EC0-301F-11D3-BF4B-00C04F79EFBC}") = "Rem.Domain.Core.Tests", "Domain\Rem.Domain.Core.Tests\Rem.Domain.Core.Tests.csproj", "{98F17037-3806-4945-ACBC-4001AA27BE60}"
EndProject
Project("{FAE04EC0-301F-11D3-BF4B-00C04F79EFBC}") = "Rem.Domain.Core", "Domain\Rem.Domain.Core\Rem.Domain.Core.csproj", "{AB046CD6-556B-4023-BAC1-3F0F3183B630}"
EndProject
Project("{FAE04EC0-301F-11D3-BF4B-00C04F79EFBC}") = "Rem.Domain.ClinicalBilling.ContextMap", "Domain\Rem.Domain.ClinicalBilling.ContextMap\Rem.Domain.ClinicalBilling.ContextMap.csproj", "{9A647497-1729-4D74-9E4C-58E6BEC25BEB}"
EndProject
Project("{FAE04EC0-301F-11D3-BF4B-00C04F79EFBC}") = "Rem.Domain.ClinicalBilling.ContextMap.Tests", "Domain\Rem.Domain.ClinicalBilling.ContextMap.Tests\Rem.Domain.ClinicalBilling.ContextMap.Tests.csproj", "{CB8EE1E0-3F2E-4165-9531-B08A363C1C9B}"
EndProject
Project("{2150E333-8FDC-42A3-9474-1A3956D46DE8}") = "Bus", "Bus", "{7C0B6F98-86A5-4EF6-89E8-8BCE6BC90F69}"
EndProject
Project("{FAE04EC0-301F-11D3-BF4B-00C04F79EFBC}") = "Rem.Bus.Handlers.Tests", "Bus\Rem.Bus.Handlers.Tests\Rem.Bus.Handlers.Tests.csproj", "{33A2E572-2C7F-4C27-8570-8B42DF231C5F}"
EndProject
Project("{FAE04EC0-301F-11D3-BF4B-00C04F79EFBC}") = "Rem.Bus.Handlers", "Bus\Rem.Bus.Handlers\Rem.Bus.Handlers.csproj", "{C9D890D2-86C1-4A04-A557-CF8DC2633F22}"
EndProject
Project("{2150E333-8FDC-42A3-9474-1A3956D46DE8}") = "Design", "Design", "{C8B4E3A5-DA24-457D-8099-A0E91084F413}"
EndProject
Project("{F088123C-0E9E-452A-89E6-6BA2F21D5CAC}") = "Rem.Billing.AnalysisModel", "Design\Rem.Billing.AnalysisModel\Rem.Billing.AnalysisModel.modelproj", "{F90618DE-1B52-4AEF-9ACF-64E165B70509}"
EndProject
Project("{F088123C-0E9E-452A-89E6-6BA2F21D5CAC}") = "Rem.Teds.AnalysisModel", "Design\Rem.Teds.AnalysisModel\Rem.Teds.AnalysisModel.modelproj", "{F3E974CC-2AD4-478B-9472-EE6024D349B2}"
EndProject
Project("{FAE04EC0-301F-11D3-BF4B-00C04F79EFBC}") = "Rem.Domain.Clinical", "Domain\Rem.Domain.Clinical\Rem.Domain.Clinical.csproj", "{C7837BA2-B4EC-40B6-96B6-00F9BE462A60}"
EndProject
Project("{FAE04EC0-301F-11D3-BF4B-00C04F79EFBC}") = "Rem.Domain.Clinical.Tests", "Domain\Rem.Domain.Clinical.Tests\Rem.Domain.Clinical.Tests.csproj", "{BF2AD9E6-9914-4E70-9EDA-14BBDB2B6CE4}"
EndProject
Project("{FAE04EC0-301F-11D3-BF4B-00C04F79EFBC}") = "Rem.Domain.Tests", "Domain\Rem.Domain.Tests\Rem.Domain.Tests.csproj", "{9E4618EB-66F2-4ACD-A1B4-99C2743CEA43}"
EndProject
Project("{2150E333-8FDC-42A3-9474-1A3956D46DE8}") = "Infrastructure", "Infrastructure", "{65160E95-BBAD-400D-9AAD-C2E021E371E0}"
EndProject
Project("{FAE04EC0-301F-11D3-BF4B-00C04F79EFBC}") = "Rem.Infrastructure.Server", "Infrastructure\Rem.Infrastructure.Server\Rem.Infrastructure.Server.csproj", "{BF7CE4C3-C4B3-4986-81B7-EC8F8157C070}"
EndProject
Project("{FAE04EC0-301F-11D3-BF4B-00C04F79EFBC}") = "Rem.Infrastructure.Web", "Infrastructure\Rem.Infrastructure.Web\Rem.Infrastructure.Web.csproj", "{4503FE8E-DA8E-4D2C-88E9-3F847A213FB3}"
EndProject
Project("{FAE04EC0-301F-11D3-BF4B-00C04F79EFBC}") = "Rem.Infrastructure", "Infrastructure\Rem.Infrastructure\Rem.Infrastructure.csproj", "{ADDD4155-DFBE-4450-96E4-0E730CE38861}"
EndProject
Project("{FAE04EC0-301F-11D3-BF4B-00C04F79EFBC}") = "Rem.Infrastructure.Tests", "Infrastructure\Rem.Infrastructure.Tests\Rem.Infrastructure.Tests.csproj", "{9D7DB2FC-11D5-45AA-AB6E-F88C36CCA558}"
EndProject
Project("{FAE04EC0-301F-11D3-BF4B-00C04F79EFBC}") = "Rem.Ria.BillingModule.Web", "Ria\Rem.Ria.BillingModule.Web\Rem.Ria.BillingModule.Web.csproj", "{A44EB807-6781-4292-B9D5-2BA3C1BFA473}"
EndProject
Project("{FAE04EC0-301F-11D3-BF4B-00C04F79EFBC}") = "Rem.Ria.BillingModule.Web.Tests", "Ria\Rem.Ria.BillingModule.Tests\Rem.Ria.BillingModule.Web.Tests.csproj", "{D9B24D7D-1D1D-4D85-B0A5-D8C7BE6ED08C}"
EndProject
Project("{FAE04EC0-301F-11D3-BF4B-00C04F79EFBC}") = "Rem.Ria.BillingModule", "Ria\Rem.Ria.BillingModule\Rem.Ria.BillingModule.csproj", "{67AB5871-ED0C-41D4-A2E6-7D227B4E3AF1}"
EndProject
Project("{FAE04EC0-301F-11D3-BF4B-00C04F79EFBC}") = "FindConflictingReferences", "Tools\FindConflictingReferences\FindConflictingReferences.csproj", "{C7380321-5C9A-4679-B576-B5FB22C33791}"
EndProject
Project("{FAE04EC0-301F-11D3-BF4B-00C04F79EFBC}") = "Rem.Infrastructure.Mvc", "Infrastructure\Rem.Infrastructure.Mvc\Rem.Infrastructure.Mvc.csproj", "{89F23EEC-0FA2-4B79-9C46-C84ADF256BA4}"
EndProject
Project("{FAE04EC0-301F-11D3-BF4B-00C04F79EFBC}") = "Rem.Mvc", "Rem.Mvc\Rem.Mvc.csproj", "{A42748A6-FE1C-465C-BA57-1D2DBCE0EE1F}"
EndProject
Global
	GlobalSection(TeamFoundationVersionControl) = preSolution
		SccNumberOfProjects = 70
		SccEnterpriseProvider = {4CA58AB2-18FA-4F8D-95D4-32DDF27D184C}
		SccTeamFoundationServer = http://feiteam03:8080/tfs/feicollection02
		SccLocalPath0 = .
		SccProjectUniqueName1 = Ria\\Rem.Ria.Shell\\Rem.Ria.Shell.csproj
		SccProjectTopLevelParentUniqueName1 = Rem.sln
		SccProjectName1 = Ria/Rem.Ria.Shell
		SccLocalPath1 = Ria\\Rem.Ria.Shell
		SccProjectUniqueName2 = Ria\\Rem.Ria.Infrastructure.Tests\\Rem.Ria.Infrastructure.Tests.csproj
		SccProjectTopLevelParentUniqueName2 = Rem.sln
		SccProjectName2 = Ria/Rem.Ria.Infrastructure.Tests
		SccLocalPath2 = Ria\\Rem.Ria.Infrastructure.Tests
		SccProjectUniqueName3 = Ria\\Rem.Ria.PatientModule\\Rem.Ria.PatientModule.csproj
		SccProjectTopLevelParentUniqueName3 = Rem.sln
		SccProjectName3 = Ria/Rem.Ria.PatientModule
		SccLocalPath3 = Ria\\Rem.Ria.PatientModule
		SccProjectUniqueName4 = Ria\\Rem.Ria.PatientModule.Web\\Rem.Ria.PatientModule.Web.csproj
		SccProjectTopLevelParentUniqueName4 = Rem.sln
		SccProjectName4 = Ria/Rem.Ria.PatientModule.Web
		SccLocalPath4 = Ria\\Rem.Ria.PatientModule.Web
		SccProjectUniqueName5 = Ria\\Rem.Ria.PatientModule.Web.Tests\\Rem.Ria.PatientModule.Web.Tests.csproj
		SccProjectTopLevelParentUniqueName5 = Rem.sln
		SccProjectName5 = Ria/Rem.Ria.PatientModule.Web.Tests
		SccLocalPath5 = Ria\\Rem.Ria.PatientModule.Web.Tests
		SccProjectUniqueName6 = Ria\\Rem.Ria.Infrastructure.Web\\Rem.Ria.Infrastructure.Web.csproj
		SccProjectTopLevelParentUniqueName6 = Rem.sln
		SccProjectName6 = Ria/Rem.Ria.Infrastructure.Web
		SccLocalPath6 = Ria\\Rem.Ria.Infrastructure.Web
		SccProjectUniqueName7 = Tools\\ExportSchema\\ExportSchema.csproj
		SccProjectTopLevelParentUniqueName7 = Rem.sln
		SccProjectName7 = Tools/ExportSchema
		SccLocalPath7 = Tools\\ExportSchema
		SccProjectUniqueName8 = Tools\\CodeAnalysisDatabaseRules\\CodeAnalysisDatabaseRules.csproj
		SccProjectTopLevelParentUniqueName8 = Rem.sln
		SccProjectName8 = Tools/CodeAnalysisDatabaseRules
		SccLocalPath8 = Tools\\CodeAnalysisDatabaseRules
		SccProjectUniqueName9 = Ria\\Rem.Ria.Infrastructure.Web.Tests\\Rem.Ria.Infrastructure.Web.Tests.csproj
		SccProjectTopLevelParentUniqueName9 = Rem.sln
		SccProjectName9 = Ria/Rem.Ria.Infrastructure.Web.Tests
		SccLocalPath9 = Ria\\Rem.Ria.Infrastructure.Web.Tests
		SccProjectUniqueName10 = Ria\\Rem.Ria.AgencyModule.Web\\Rem.Ria.AgencyModule.Web.csproj
		SccProjectTopLevelParentUniqueName10 = Rem.sln
		SccProjectName10 = Ria/Rem.Ria.AgencyModule.Web
		SccLocalPath10 = Ria\\Rem.Ria.AgencyModule.Web
		SccProjectUniqueName11 = Ria\\Rem.Ria.AgencyModule.Web.Tests\\Rem.Ria.AgencyModule.Web.Tests.csproj
		SccProjectTopLevelParentUniqueName11 = Rem.sln
		SccProjectName11 = Ria/Rem.Ria.AgencyModule.Web.Tests
		SccLocalPath11 = Ria\\Rem.Ria.AgencyModule.Web.Tests
		SccProjectUniqueName12 = Ria\\Rem.Ria.AgencyModule\\Rem.Ria.AgencyModule.csproj
		SccProjectTopLevelParentUniqueName12 = Rem.sln
		SccProjectName12 = Ria/Rem.Ria.AgencyModule
		SccLocalPath12 = Ria\\Rem.Ria.AgencyModule
		SccProjectUniqueName13 = Tools\\GenerateLoadScripts\\GenerateLoadScripts.csproj
		SccProjectTopLevelParentUniqueName13 = Rem.sln
		SccProjectName13 = Tools/GenerateLoadScripts
		SccLocalPath13 = Tools\\GenerateLoadScripts
		SccProjectUniqueName14 = Shared\\Rem.WellKnownNames\\Rem.WellKnownNames.csproj
		SccProjectTopLevelParentUniqueName14 = Rem.sln
		SccProjectName14 = Shared/Rem.WellKnownNames
		SccLocalPath14 = Shared\\Rem.WellKnownNames
		SccProjectUniqueName15 = Ria\\Rem.Ria.NewCropModule.Web\\Rem.Ria.NewCropModule.Web.csproj
		SccProjectTopLevelParentUniqueName15 = Rem.sln
		SccProjectName15 = Ria/Rem.Ria.NewCropModule.Web
		SccLocalPath15 = Ria\\Rem.Ria.NewCropModule.Web
		SccProjectUniqueName16 = Ria\\Rem.Ria.NewCropModule\\Rem.Ria.NewCropModule.csproj
		SccProjectTopLevelParentUniqueName16 = Rem.sln
		SccProjectName16 = Ria/Rem.Ria.NewCropModule
		SccLocalPath16 = Ria\\Rem.Ria.NewCropModule
		SccProjectUniqueName17 = Ria\\Rem.Ria.NewCropModule.Web.Tests\\Rem.Ria.NewCropModule.Web.Tests.csproj
		SccProjectTopLevelParentUniqueName17 = Rem.sln
		SccProjectName17 = Ria/Rem.Ria.NewCropModule.Web.Tests
		SccLocalPath17 = Ria\\Rem.Ria.NewCropModule.Web.Tests
		SccProjectUniqueName18 = Tools\\Excel2Code\\Excel2Code.csproj
		SccProjectTopLevelParentUniqueName18 = Rem.sln
		SccProjectName18 = Tools/Excel2Code
		SccLocalPath18 = Tools\\Excel2Code
		SccProjectUniqueName19 = Ria\\Rem.Ria.ReportsModule\\Rem.Ria.ReportsModule.csproj
		SccProjectTopLevelParentUniqueName19 = Rem.sln
		SccProjectName19 = Ria/Rem.Ria.ReportsModule
		SccLocalPath19 = Ria\\Rem.Ria.ReportsModule
		SccProjectUniqueName20 = Ria\\Rem.Ria.ReportsModule.Web\\Rem.Ria.ReportsModule.Web.csproj
		SccProjectTopLevelParentUniqueName20 = Rem.sln
		SccProjectName20 = Ria/Rem.Ria.ReportsModule.Web
		SccLocalPath20 = Ria\\Rem.Ria.ReportsModule.Web
		SccProjectUniqueName21 = Ria\\Rem.Ria.PatientModule.Tests\\Rem.Ria.PatientModule.Tests.csproj
		SccProjectTopLevelParentUniqueName21 = Rem.sln
		SccProjectName21 = Ria/Rem.Ria.PatientModule.Tests
		SccLocalPath21 = Ria\\Rem.Ria.PatientModule.Tests
		SccProjectUniqueName22 = Pillar\\Pillar.Common\\Pillar.Common.csproj
		SccProjectTopLevelParentUniqueName22 = Rem.sln
		SccProjectName22 = Pillar/Pillar.Common
		SccLocalPath22 = Pillar\\Pillar.Common
		SccProjectUniqueName23 = Pillar\\Pillar.Common.Silverlight\\Pillar.Common.Silverlight.csproj
		SccProjectTopLevelParentUniqueName23 = Rem.sln
		SccProjectName23 = Pillar/Pillar.Common.Silverlight
		SccLocalPath23 = Pillar\\Pillar.Common.Silverlight
		SccProjectUniqueName24 = Pillar\\Pillar.Common.Tests\\Pillar.Common.Tests.csproj
		SccProjectTopLevelParentUniqueName24 = Rem.sln
		SccProjectName24 = Pillar/Pillar.Common.Tests
		SccLocalPath24 = Pillar\\Pillar.Common.Tests
		SccProjectUniqueName25 = Pillar\\Pillar.FluentRuleEngine\\Pillar.FluentRuleEngine.csproj
		SccProjectTopLevelParentUniqueName25 = Rem.sln
		SccProjectName25 = Pillar/Pillar.FluentRuleEngine
		SccLocalPath25 = Pillar\\Pillar.FluentRuleEngine
		SccProjectUniqueName26 = Pillar\\Pillar.FluentRuleEngine.Tests\\Pillar.FluentRuleEngine.Tests.csproj
		SccProjectTopLevelParentUniqueName26 = Rem.sln
		SccProjectName26 = Pillar/Pillar.FluentRuleEngine.Tests
		SccLocalPath26 = Pillar\\Pillar.FluentRuleEngine.Tests
		SccProjectUniqueName27 = Pillar\\Pillar.Domain\\Pillar.Domain.csproj
		SccProjectTopLevelParentUniqueName27 = Rem.sln
		SccProjectName27 = Pillar/Pillar.Domain
		SccLocalPath27 = Pillar\\Pillar.Domain
		SccProjectUniqueName28 = Pillar\\Pillar.Security\\Pillar.Security.csproj
		SccProjectTopLevelParentUniqueName28 = Rem.sln
		SccProjectName28 = Pillar/Pillar.Security
		SccLocalPath28 = Pillar\\Pillar.Security
		SccProjectUniqueName29 = Pillar\\Pillar.Security.Silverlight\\Pillar.Security.Silverlight.csproj
		SccProjectTopLevelParentUniqueName29 = Rem.sln
		SccProjectName29 = Pillar/Pillar.Security.Silverlight
		SccLocalPath29 = Pillar\\Pillar.Security.Silverlight
		SccProjectUniqueName30 = Pillar\\Pillar.Security.Tests\\Pillar.Security.Tests.csproj
		SccProjectTopLevelParentUniqueName30 = Rem.sln
		SccProjectName30 = Pillar/Pillar.Security.Tests
		SccLocalPath30 = Pillar\\Pillar.Security.Tests
		SccProjectUniqueName31 = Pillar\\Pillar.FluentRuleEngine.Silverlight\\Pillar.FluentRuleEngine.Silverlight.csproj
		SccProjectTopLevelParentUniqueName31 = Rem.sln
		SccProjectName31 = Pillar/Pillar.FluentRuleEngine.Silverlight
		SccLocalPath31 = Pillar\\Pillar.FluentRuleEngine.Silverlight
		SccProjectUniqueName32 = Pillar\\Pillar.Common.Castle\\Pillar.Common.Castle.csproj
		SccProjectTopLevelParentUniqueName32 = Rem.sln
		SccProjectName32 = Pillar/Pillar.Common.Castle
		SccLocalPath32 = Pillar\\Pillar.Common.Castle
		SccProjectUniqueName33 = Pillar\\Pillar.Security.Castle\\Pillar.Security.Castle.csproj
		SccProjectTopLevelParentUniqueName33 = Rem.sln
		SccProjectName33 = Pillar/Pillar.Security.Castle
		SccLocalPath33 = Pillar\\Pillar.Security.Castle
		SccProjectUniqueName34 = Pillar\\Pillar.Common.Castle.Silverlight\\Pillar.Common.Castle.Silverlight.csproj
		SccProjectTopLevelParentUniqueName34 = Rem.sln
		SccProjectName34 = Pillar/Pillar.Common.Castle.Silverlight
		SccLocalPath34 = Pillar\\Pillar.Common.Castle.Silverlight
		SccProjectUniqueName35 = Pillar\\Pillar.FluentRuleEngine.Castle.Silverlight\\Pillar.FluentRuleEngine.Castle.Silverlight.csproj
		SccProjectTopLevelParentUniqueName35 = Rem.sln
		SccProjectName35 = Pillar/Pillar.FluentRuleEngine.Castle.Silverlight
		SccLocalPath35 = Pillar\\Pillar.FluentRuleEngine.Castle.Silverlight
		SccProjectUniqueName36 = Pillar\\Pillar.Security.Castle.Silverlight\\Pillar.Security.Castle.Silverlight.csproj
		SccProjectTopLevelParentUniqueName36 = Rem.sln
		SccProjectName36 = Pillar/Pillar.Security.Castle.Silverlight
		SccLocalPath36 = Pillar\\Pillar.Security.Castle.Silverlight
		SccProjectUniqueName37 = Pillar\\Pillar.FluentRuleEngin.Castle\\Pillar.FluentRuleEngine.Castle.csproj
		SccProjectTopLevelParentUniqueName37 = Rem.sln
		SccProjectName37 = Pillar/Pillar.FluentRuleEngin.Castle
		SccLocalPath37 = Pillar\\Pillar.FluentRuleEngin.Castle
		SccProjectUniqueName38 = Pillar\\Pillar.Domain.NHibernate\\Pillar.Domain.NHibernate.csproj
		SccProjectTopLevelParentUniqueName38 = Rem.sln
		SccProjectName38 = Pillar/Pillar.Domain.NHibernate
		SccLocalPath38 = Pillar\\Pillar.Domain.NHibernate
		SccProjectUniqueName39 = Pillar\\Pillar.Domain.Tests\\Pillar.Domain.Tests.csproj
		SccProjectTopLevelParentUniqueName39 = Rem.sln
		SccProjectName39 = Pillar/Pillar.Domain.Tests
		SccLocalPath39 = Pillar\\Pillar.Domain.Tests
		SccProjectUniqueName40 = Pillar\\Pillar.IoC.StructureMap\\Pillar.IoC.StructureMap.csproj
		SccProjectTopLevelParentUniqueName40 = Rem.sln
		SccProjectName40 = Pillar/Pillar.IoC.StructureMap
		SccLocalPath40 = Pillar\\Pillar.IoC.StructureMap
		SccProjectUniqueName41 = Pillar\\Pillar.IoC.Unity\\Pillar.IoC.Unity.csproj
		SccProjectTopLevelParentUniqueName41 = Rem.sln
		SccProjectName41 = Pillar/Pillar.IoC.Unity
		SccLocalPath41 = Pillar\\Pillar.IoC.Unity
		SccProjectUniqueName42 = Pillar\\Pillar.IoC.Unity.Silverlight\\Pillar.IoC.Unity.Silverlight.csproj
		SccProjectTopLevelParentUniqueName42 = Rem.sln
		SccProjectName42 = Pillar/Pillar.IoC.Unity.Silverlight
		SccLocalPath42 = Pillar\\Pillar.IoC.Unity.Silverlight
		SccProjectUniqueName43 = Ria\\Rem.Ria.Infrastructure\\Rem.Ria.Infrastructure.csproj
		SccProjectTopLevelParentUniqueName43 = Rem.sln
		SccProjectName43 = Ria/Rem.Ria.Infrastructure
		SccLocalPath43 = Ria\\Rem.Ria.Infrastructure
		SccProjectUniqueName44 = Rem.Database\\Rem.Database.dbproj
		SccProjectName44 = Rem.Database
		SccLocalPath44 = Rem.Database
		SccProjectUniqueName45 = Rem.Web\\Rem.Web.csproj
		SccProjectName45 = Rem.Web
		SccLocalPath45 = Rem.Web
		SccProjectUniqueName46 = Rem.Web.LocalSTS\\Rem.Web.LocalSTS.csproj
		SccProjectName46 = Rem.Web.LocalSTS
		SccLocalPath46 = Rem.Web.LocalSTS
		SccProjectUniqueName47 = Domain\\Rem.Domain.Billing\\Rem.Domain.Billing.csproj
		SccProjectTopLevelParentUniqueName47 = Rem.sln
		SccProjectName47 = Domain/Rem.Domain.Billing
		SccLocalPath47 = Domain\\Rem.Domain.Billing
		SccProjectUniqueName48 = Domain\\Rem.Domain.Billing.Tests\\Rem.Domain.Billing.Tests.csproj
		SccProjectTopLevelParentUniqueName48 = Rem.sln
		SccProjectName48 = Domain/Rem.Domain.Billing.Tests
		SccLocalPath48 = Domain\\Rem.Domain.Billing.Tests
		SccProjectUniqueName49 = Domain\\Rem.Domain.Core.Tests\\Rem.Domain.Core.Tests.csproj
		SccProjectTopLevelParentUniqueName49 = Rem.sln
		SccProjectName49 = Domain/Rem.Domain.Core.Tests
		SccLocalPath49 = Domain\\Rem.Domain.Core.Tests
		SccProjectUniqueName50 = Domain\\Rem.Domain.Core\\Rem.Domain.Core.csproj
		SccProjectTopLevelParentUniqueName50 = Rem.sln
		SccProjectName50 = Domain/Rem.Domain.Core
		SccLocalPath50 = Domain\\Rem.Domain.Core
		SccProjectUniqueName51 = Domain\\Rem.Domain.ClinicalBilling.ContextMap\\Rem.Domain.ClinicalBilling.ContextMap.csproj
		SccProjectTopLevelParentUniqueName51 = Rem.sln
		SccProjectName51 = Domain/Rem.Domain.ClinicalBilling.ContextMap
		SccLocalPath51 = Domain\\Rem.Domain.ClinicalBilling.ContextMap
		SccProjectUniqueName52 = Domain\\Rem.Domain.ClinicalBilling.ContextMap.Tests\\Rem.Domain.ClinicalBilling.ContextMap.Tests.csproj
		SccProjectTopLevelParentUniqueName52 = Rem.sln
		SccProjectName52 = Domain/Rem.Domain.ClinicalBilling.ContextMap.Tests
		SccLocalPath52 = Domain\\Rem.Domain.ClinicalBilling.ContextMap.Tests
		SccProjectUniqueName53 = Bus\\Rem.Bus.Handlers.Tests\\Rem.Bus.Handlers.Tests.csproj
		SccProjectTopLevelParentUniqueName53 = Rem.sln
		SccProjectName53 = Bus/Rem.Bus.Handlers.Tests
		SccLocalPath53 = Bus\\Rem.Bus.Handlers.Tests
		SccProjectUniqueName54 = Bus\\Rem.Bus.Handlers\\Rem.Bus.Handlers.csproj
		SccProjectTopLevelParentUniqueName54 = Rem.sln
		SccProjectName54 = Bus/Rem.Bus.Handlers
		SccLocalPath54 = Bus\\Rem.Bus.Handlers
		SccProjectUniqueName55 = Design\\Rem.Billing.AnalysisModel\\Rem.Billing.AnalysisModel.modelproj
		SccProjectTopLevelParentUniqueName55 = Rem.sln
		SccProjectName55 = Design/Rem.Billing.AnalysisModel
		SccLocalPath55 = Design\\Rem.Billing.AnalysisModel
		SccProjectUniqueName56 = Design\\Rem.Teds.AnalysisModel\\Rem.Teds.AnalysisModel.modelproj
		SccProjectTopLevelParentUniqueName56 = Rem.sln
		SccProjectName56 = Design/Rem.Teds.AnalysisModel
		SccLocalPath56 = Design\\Rem.Teds.AnalysisModel
		SccProjectUniqueName57 = Domain\\Rem.Domain.Clinical\\Rem.Domain.Clinical.csproj
		SccProjectTopLevelParentUniqueName57 = Rem.sln
		SccProjectName57 = Domain/Rem.Domain.Clinical
		SccLocalPath57 = Domain\\Rem.Domain.Clinical
		SccProjectUniqueName58 = Domain\\Rem.Domain.Clinical.Tests\\Rem.Domain.Clinical.Tests.csproj
		SccProjectTopLevelParentUniqueName58 = Rem.sln
		SccProjectName58 = Domain/Rem.Domain.Clinical.Tests
		SccLocalPath58 = Domain\\Rem.Domain.Clinical.Tests
		SccProjectUniqueName59 = Domain\\Rem.Domain.Tests\\Rem.Domain.Tests.csproj
		SccProjectTopLevelParentUniqueName59 = Rem.sln
		SccProjectName59 = Domain/Rem.Domain.Tests
		SccLocalPath59 = Domain\\Rem.Domain.Tests
		SccProjectUniqueName60 = Infrastructure\\Rem.Infrastructure.Server\\Rem.Infrastructure.Server.csproj
		SccProjectTopLevelParentUniqueName60 = Rem.sln
		SccProjectName60 = Infrastructure/Rem.Infrastructure.Server
		SccLocalPath60 = Infrastructure\\Rem.Infrastructure.Server
		SccProjectUniqueName61 = Infrastructure\\Rem.Infrastructure.Web\\Rem.Infrastructure.Web.csproj
		SccProjectTopLevelParentUniqueName61 = Rem.sln
		SccProjectName61 = Infrastructure/Rem.Infrastructure.Web
		SccLocalPath61 = Infrastructure\\Rem.Infrastructure.Web
		SccProjectUniqueName62 = Infrastructure\\Rem.Infrastructure\\Rem.Infrastructure.csproj
		SccProjectTopLevelParentUniqueName62 = Rem.sln
		SccProjectName62 = Infrastructure/Rem.Infrastructure
		SccLocalPath62 = Infrastructure\\Rem.Infrastructure
		SccProjectUniqueName63 = Infrastructure\\Rem.Infrastructure.Tests\\Rem.Infrastructure.Tests.csproj
		SccProjectTopLevelParentUniqueName63 = Rem.sln
		SccProjectName63 = Infrastructure/Rem.Infrastructure.Tests
		SccLocalPath63 = Infrastructure\\Rem.Infrastructure.Tests
		SccProjectUniqueName64 = Ria\\Rem.Ria.BillingModule.Web\\Rem.Ria.BillingModule.Web.csproj
		SccProjectTopLevelParentUniqueName64 = Rem.sln
		SccProjectName64 = Ria/Rem.Ria.BillingModule.Web
		SccLocalPath64 = Ria\\Rem.Ria.BillingModule.Web
		SccProjectUniqueName65 = Ria\\Rem.Ria.BillingModule.Tests\\Rem.Ria.BillingModule.Web.Tests.csproj
		SccProjectTopLevelParentUniqueName65 = Rem.sln
		SccProjectName65 = Ria/Rem.Ria.BillingModule.Tests
		SccLocalPath65 = Ria\\Rem.Ria.BillingModule.Tests
		SccProjectUniqueName66 = Ria\\Rem.Ria.BillingModule\\Rem.Ria.BillingModule.csproj
		SccProjectTopLevelParentUniqueName66 = Rem.sln
		SccProjectName66 = Ria/Rem.Ria.BillingModule
		SccLocalPath66 = Ria\\Rem.Ria.BillingModule
		SccProjectUniqueName67 = Tools\\FindConflictingReferences\\FindConflictingReferences.csproj
		SccProjectTopLevelParentUniqueName67 = Rem.sln
		SccProjectName67 = Tools/FindConflictingReferences
		SccLocalPath67 = Tools\\FindConflictingReferences
		SccProjectUniqueName68 = Infrastructure\\Rem.Infrastructure.Mvc\\Rem.Infrastructure.Mvc.csproj
		SccProjectTopLevelParentUniqueName68 = Rem.sln
		SccProjectName68 = Infrastructure/Rem.Infrastructure.Mvc
		SccLocalPath68 = Infrastructure\\Rem.Infrastructure.Mvc
		SccProjectUniqueName69 = Rem.Mvc\\Rem.Mvc.csproj
		SccProjectName69 = Rem.Mvc
		SccLocalPath69 = Rem.Mvc
	EndGlobalSection
	GlobalSection(TestCaseManagementSettings) = postSolution
		CategoryFile = Rem.vsmdi
	EndGlobalSection
	GlobalSection(SolutionConfigurationPlatforms) = preSolution
		Debug|Any CPU = Debug|Any CPU
		Debug|Mixed Platforms = Debug|Mixed Platforms
		Debug|x86 = Debug|x86
		Release|Any CPU = Release|Any CPU
		Release|Mixed Platforms = Release|Mixed Platforms
		Release|x86 = Release|x86
	EndGlobalSection
	GlobalSection(ProjectConfigurationPlatforms) = postSolution
		{1A27CD66-4C00-4AE5-948E-410C75A903E1}.Debug|Any CPU.ActiveCfg = Debug|Any CPU
		{1A27CD66-4C00-4AE5-948E-410C75A903E1}.Debug|Any CPU.Build.0 = Debug|Any CPU
		{1A27CD66-4C00-4AE5-948E-410C75A903E1}.Debug|Mixed Platforms.ActiveCfg = Debug|Any CPU
		{1A27CD66-4C00-4AE5-948E-410C75A903E1}.Debug|Mixed Platforms.Build.0 = Debug|Any CPU
		{1A27CD66-4C00-4AE5-948E-410C75A903E1}.Debug|x86.ActiveCfg = Debug|Any CPU
		{1A27CD66-4C00-4AE5-948E-410C75A903E1}.Release|Any CPU.ActiveCfg = Release|Any CPU
		{1A27CD66-4C00-4AE5-948E-410C75A903E1}.Release|Any CPU.Build.0 = Release|Any CPU
		{1A27CD66-4C00-4AE5-948E-410C75A903E1}.Release|Mixed Platforms.ActiveCfg = Release|Any CPU
		{1A27CD66-4C00-4AE5-948E-410C75A903E1}.Release|Mixed Platforms.Build.0 = Release|Any CPU
		{1A27CD66-4C00-4AE5-948E-410C75A903E1}.Release|x86.ActiveCfg = Release|Any CPU
		{B2648F89-C194-48C8-A084-EF7C33B6045C}.Debug|Any CPU.ActiveCfg = Debug|Any CPU
		{B2648F89-C194-48C8-A084-EF7C33B6045C}.Debug|Any CPU.Build.0 = Debug|Any CPU
		{B2648F89-C194-48C8-A084-EF7C33B6045C}.Debug|Mixed Platforms.ActiveCfg = Debug|Any CPU
		{B2648F89-C194-48C8-A084-EF7C33B6045C}.Debug|Mixed Platforms.Build.0 = Debug|Any CPU
		{B2648F89-C194-48C8-A084-EF7C33B6045C}.Debug|x86.ActiveCfg = Debug|Any CPU
		{B2648F89-C194-48C8-A084-EF7C33B6045C}.Release|Any CPU.ActiveCfg = Release|Any CPU
		{B2648F89-C194-48C8-A084-EF7C33B6045C}.Release|Any CPU.Build.0 = Release|Any CPU
		{B2648F89-C194-48C8-A084-EF7C33B6045C}.Release|Mixed Platforms.ActiveCfg = Release|Any CPU
		{B2648F89-C194-48C8-A084-EF7C33B6045C}.Release|Mixed Platforms.Build.0 = Release|Any CPU
		{B2648F89-C194-48C8-A084-EF7C33B6045C}.Release|x86.ActiveCfg = Release|Any CPU
		{8CB2F5D8-FC64-4D69-9A3C-C52E37DAA49E}.Debug|Any CPU.ActiveCfg = Debug|Any CPU
		{8CB2F5D8-FC64-4D69-9A3C-C52E37DAA49E}.Debug|Any CPU.Build.0 = Debug|Any CPU
		{8CB2F5D8-FC64-4D69-9A3C-C52E37DAA49E}.Debug|Mixed Platforms.ActiveCfg = Debug|Any CPU
		{8CB2F5D8-FC64-4D69-9A3C-C52E37DAA49E}.Debug|Mixed Platforms.Build.0 = Debug|Any CPU
		{8CB2F5D8-FC64-4D69-9A3C-C52E37DAA49E}.Debug|x86.ActiveCfg = Debug|Any CPU
		{8CB2F5D8-FC64-4D69-9A3C-C52E37DAA49E}.Release|Any CPU.ActiveCfg = Release|Any CPU
		{8CB2F5D8-FC64-4D69-9A3C-C52E37DAA49E}.Release|Any CPU.Build.0 = Release|Any CPU
		{8CB2F5D8-FC64-4D69-9A3C-C52E37DAA49E}.Release|Mixed Platforms.ActiveCfg = Release|Any CPU
		{8CB2F5D8-FC64-4D69-9A3C-C52E37DAA49E}.Release|Mixed Platforms.Build.0 = Release|Any CPU
		{8CB2F5D8-FC64-4D69-9A3C-C52E37DAA49E}.Release|x86.ActiveCfg = Release|Any CPU
		{D47EDC6B-0BE3-4BC8-A43A-B0DA90CCF465}.Debug|Any CPU.ActiveCfg = Debug|Any CPU
		{D47EDC6B-0BE3-4BC8-A43A-B0DA90CCF465}.Debug|Any CPU.Build.0 = Debug|Any CPU
		{D47EDC6B-0BE3-4BC8-A43A-B0DA90CCF465}.Debug|Mixed Platforms.ActiveCfg = Debug|Any CPU
		{D47EDC6B-0BE3-4BC8-A43A-B0DA90CCF465}.Debug|Mixed Platforms.Build.0 = Debug|Any CPU
		{D47EDC6B-0BE3-4BC8-A43A-B0DA90CCF465}.Debug|x86.ActiveCfg = Debug|Any CPU
		{D47EDC6B-0BE3-4BC8-A43A-B0DA90CCF465}.Release|Any CPU.ActiveCfg = Release|Any CPU
		{D47EDC6B-0BE3-4BC8-A43A-B0DA90CCF465}.Release|Any CPU.Build.0 = Release|Any CPU
		{D47EDC6B-0BE3-4BC8-A43A-B0DA90CCF465}.Release|Mixed Platforms.ActiveCfg = Release|Any CPU
		{D47EDC6B-0BE3-4BC8-A43A-B0DA90CCF465}.Release|Mixed Platforms.Build.0 = Release|Any CPU
		{D47EDC6B-0BE3-4BC8-A43A-B0DA90CCF465}.Release|x86.ActiveCfg = Release|Any CPU
		{689AEF74-CBF9-4759-919C-26B18A3CAB8B}.Debug|Any CPU.ActiveCfg = Debug|Any CPU
		{689AEF74-CBF9-4759-919C-26B18A3CAB8B}.Debug|Any CPU.Build.0 = Debug|Any CPU
		{689AEF74-CBF9-4759-919C-26B18A3CAB8B}.Debug|Mixed Platforms.ActiveCfg = Debug|Any CPU
		{689AEF74-CBF9-4759-919C-26B18A3CAB8B}.Debug|Mixed Platforms.Build.0 = Debug|Any CPU
		{689AEF74-CBF9-4759-919C-26B18A3CAB8B}.Debug|x86.ActiveCfg = Debug|Any CPU
		{689AEF74-CBF9-4759-919C-26B18A3CAB8B}.Release|Any CPU.ActiveCfg = Release|Any CPU
		{689AEF74-CBF9-4759-919C-26B18A3CAB8B}.Release|Any CPU.Build.0 = Release|Any CPU
		{689AEF74-CBF9-4759-919C-26B18A3CAB8B}.Release|Mixed Platforms.ActiveCfg = Release|Any CPU
		{689AEF74-CBF9-4759-919C-26B18A3CAB8B}.Release|Mixed Platforms.Build.0 = Release|Any CPU
		{689AEF74-CBF9-4759-919C-26B18A3CAB8B}.Release|x86.ActiveCfg = Release|Any CPU
		{D0DD4451-BAFD-41E2-B6B8-566E3BAFD20A}.Debug|Any CPU.ActiveCfg = Debug|Any CPU
		{D0DD4451-BAFD-41E2-B6B8-566E3BAFD20A}.Debug|Any CPU.Build.0 = Debug|Any CPU
		{D0DD4451-BAFD-41E2-B6B8-566E3BAFD20A}.Debug|Mixed Platforms.ActiveCfg = Debug|Any CPU
		{D0DD4451-BAFD-41E2-B6B8-566E3BAFD20A}.Debug|Mixed Platforms.Build.0 = Debug|Any CPU
		{D0DD4451-BAFD-41E2-B6B8-566E3BAFD20A}.Debug|x86.ActiveCfg = Debug|Any CPU
		{D0DD4451-BAFD-41E2-B6B8-566E3BAFD20A}.Release|Any CPU.ActiveCfg = Release|Any CPU
		{D0DD4451-BAFD-41E2-B6B8-566E3BAFD20A}.Release|Any CPU.Build.0 = Release|Any CPU
		{D0DD4451-BAFD-41E2-B6B8-566E3BAFD20A}.Release|Mixed Platforms.ActiveCfg = Release|Any CPU
		{D0DD4451-BAFD-41E2-B6B8-566E3BAFD20A}.Release|Mixed Platforms.Build.0 = Release|Any CPU
		{D0DD4451-BAFD-41E2-B6B8-566E3BAFD20A}.Release|x86.ActiveCfg = Release|Any CPU
		{BD7ED6FD-DD1F-4375-A772-24C356BB61C3}.Debug|Any CPU.ActiveCfg = Debug|x86
		{BD7ED6FD-DD1F-4375-A772-24C356BB61C3}.Debug|Mixed Platforms.ActiveCfg = Debug|x86
		{BD7ED6FD-DD1F-4375-A772-24C356BB61C3}.Debug|x86.ActiveCfg = Debug|x86
		{BD7ED6FD-DD1F-4375-A772-24C356BB61C3}.Debug|x86.Build.0 = Debug|x86
		{BD7ED6FD-DD1F-4375-A772-24C356BB61C3}.Release|Any CPU.ActiveCfg = Release|x86
		{BD7ED6FD-DD1F-4375-A772-24C356BB61C3}.Release|Mixed Platforms.ActiveCfg = Release|x86
		{BD7ED6FD-DD1F-4375-A772-24C356BB61C3}.Release|x86.ActiveCfg = Release|x86
		{BD7ED6FD-DD1F-4375-A772-24C356BB61C3}.Release|x86.Build.0 = Release|x86
		{24516713-A01C-447F-8A7E-894F0CDDE6A9}.Debug|Any CPU.ActiveCfg = Debug|Any CPU
		{24516713-A01C-447F-8A7E-894F0CDDE6A9}.Debug|Mixed Platforms.ActiveCfg = Debug|Any CPU
		{24516713-A01C-447F-8A7E-894F0CDDE6A9}.Debug|x86.ActiveCfg = Debug|Any CPU
		{24516713-A01C-447F-8A7E-894F0CDDE6A9}.Release|Any CPU.ActiveCfg = Release|Any CPU
		{24516713-A01C-447F-8A7E-894F0CDDE6A9}.Release|Mixed Platforms.ActiveCfg = Release|Any CPU
		{24516713-A01C-447F-8A7E-894F0CDDE6A9}.Release|x86.ActiveCfg = Release|Any CPU
		{0D998ABC-E0B8-47EB-9D74-114209527419}.Debug|Any CPU.ActiveCfg = Debug|Any CPU
		{0D998ABC-E0B8-47EB-9D74-114209527419}.Debug|Any CPU.Build.0 = Debug|Any CPU
		{0D998ABC-E0B8-47EB-9D74-114209527419}.Debug|Mixed Platforms.ActiveCfg = Debug|Any CPU
		{0D998ABC-E0B8-47EB-9D74-114209527419}.Debug|Mixed Platforms.Build.0 = Debug|Any CPU
		{0D998ABC-E0B8-47EB-9D74-114209527419}.Debug|x86.ActiveCfg = Debug|Any CPU
		{0D998ABC-E0B8-47EB-9D74-114209527419}.Release|Any CPU.ActiveCfg = Release|Any CPU
		{0D998ABC-E0B8-47EB-9D74-114209527419}.Release|Any CPU.Build.0 = Release|Any CPU
		{0D998ABC-E0B8-47EB-9D74-114209527419}.Release|Mixed Platforms.ActiveCfg = Release|Any CPU
		{0D998ABC-E0B8-47EB-9D74-114209527419}.Release|Mixed Platforms.Build.0 = Release|Any CPU
		{0D998ABC-E0B8-47EB-9D74-114209527419}.Release|x86.ActiveCfg = Release|Any CPU
		{328DE49F-A6FE-4922-BBE5-71BB375389EF}.Debug|Any CPU.ActiveCfg = Debug|Any CPU
		{328DE49F-A6FE-4922-BBE5-71BB375389EF}.Debug|Any CPU.Build.0 = Debug|Any CPU
		{328DE49F-A6FE-4922-BBE5-71BB375389EF}.Debug|Mixed Platforms.ActiveCfg = Debug|Any CPU
		{328DE49F-A6FE-4922-BBE5-71BB375389EF}.Debug|Mixed Platforms.Build.0 = Debug|Any CPU
		{328DE49F-A6FE-4922-BBE5-71BB375389EF}.Debug|x86.ActiveCfg = Debug|Any CPU
		{328DE49F-A6FE-4922-BBE5-71BB375389EF}.Release|Any CPU.ActiveCfg = Release|Any CPU
		{328DE49F-A6FE-4922-BBE5-71BB375389EF}.Release|Any CPU.Build.0 = Release|Any CPU
		{328DE49F-A6FE-4922-BBE5-71BB375389EF}.Release|Mixed Platforms.ActiveCfg = Release|Any CPU
		{328DE49F-A6FE-4922-BBE5-71BB375389EF}.Release|Mixed Platforms.Build.0 = Release|Any CPU
		{328DE49F-A6FE-4922-BBE5-71BB375389EF}.Release|x86.ActiveCfg = Release|Any CPU
		{FAEA24DE-FC75-4261-889B-304F59D3FF85}.Debug|Any CPU.ActiveCfg = Debug|Any CPU
		{FAEA24DE-FC75-4261-889B-304F59D3FF85}.Debug|Any CPU.Build.0 = Debug|Any CPU
		{FAEA24DE-FC75-4261-889B-304F59D3FF85}.Debug|Mixed Platforms.ActiveCfg = Debug|Any CPU
		{FAEA24DE-FC75-4261-889B-304F59D3FF85}.Debug|Mixed Platforms.Build.0 = Debug|Any CPU
		{FAEA24DE-FC75-4261-889B-304F59D3FF85}.Debug|x86.ActiveCfg = Debug|Any CPU
		{FAEA24DE-FC75-4261-889B-304F59D3FF85}.Release|Any CPU.ActiveCfg = Release|Any CPU
		{FAEA24DE-FC75-4261-889B-304F59D3FF85}.Release|Any CPU.Build.0 = Release|Any CPU
		{FAEA24DE-FC75-4261-889B-304F59D3FF85}.Release|Mixed Platforms.ActiveCfg = Release|Any CPU
		{FAEA24DE-FC75-4261-889B-304F59D3FF85}.Release|Mixed Platforms.Build.0 = Release|Any CPU
		{FAEA24DE-FC75-4261-889B-304F59D3FF85}.Release|x86.ActiveCfg = Release|Any CPU
		{3A43018C-E0DE-42EB-9497-2734BB2B502E}.Debug|Any CPU.ActiveCfg = Debug|Any CPU
		{3A43018C-E0DE-42EB-9497-2734BB2B502E}.Debug|Any CPU.Build.0 = Debug|Any CPU
		{3A43018C-E0DE-42EB-9497-2734BB2B502E}.Debug|Mixed Platforms.ActiveCfg = Debug|Any CPU
		{3A43018C-E0DE-42EB-9497-2734BB2B502E}.Debug|Mixed Platforms.Build.0 = Debug|Any CPU
		{3A43018C-E0DE-42EB-9497-2734BB2B502E}.Debug|x86.ActiveCfg = Debug|Any CPU
		{3A43018C-E0DE-42EB-9497-2734BB2B502E}.Release|Any CPU.ActiveCfg = Release|Any CPU
		{3A43018C-E0DE-42EB-9497-2734BB2B502E}.Release|Any CPU.Build.0 = Release|Any CPU
		{3A43018C-E0DE-42EB-9497-2734BB2B502E}.Release|Mixed Platforms.ActiveCfg = Release|Any CPU
		{3A43018C-E0DE-42EB-9497-2734BB2B502E}.Release|Mixed Platforms.Build.0 = Release|Any CPU
		{3A43018C-E0DE-42EB-9497-2734BB2B502E}.Release|x86.ActiveCfg = Release|Any CPU
		{53090AB1-0E1F-4C0D-B2A0-F5B2EC4D22B0}.Debug|Any CPU.ActiveCfg = Debug|x86
		{53090AB1-0E1F-4C0D-B2A0-F5B2EC4D22B0}.Debug|Mixed Platforms.ActiveCfg = Debug|x86
		{53090AB1-0E1F-4C0D-B2A0-F5B2EC4D22B0}.Debug|x86.ActiveCfg = Debug|x86
		{53090AB1-0E1F-4C0D-B2A0-F5B2EC4D22B0}.Debug|x86.Build.0 = Debug|x86
		{53090AB1-0E1F-4C0D-B2A0-F5B2EC4D22B0}.Release|Any CPU.ActiveCfg = Release|x86
		{53090AB1-0E1F-4C0D-B2A0-F5B2EC4D22B0}.Release|Mixed Platforms.ActiveCfg = Release|x86
		{53090AB1-0E1F-4C0D-B2A0-F5B2EC4D22B0}.Release|x86.ActiveCfg = Release|x86
		{53090AB1-0E1F-4C0D-B2A0-F5B2EC4D22B0}.Release|x86.Build.0 = Release|x86
		{0CA1E92B-B1E0-4E22-8FA5-747753AA8E72}.Debug|Any CPU.ActiveCfg = Debug|Any CPU
		{0CA1E92B-B1E0-4E22-8FA5-747753AA8E72}.Debug|Any CPU.Build.0 = Debug|Any CPU
		{0CA1E92B-B1E0-4E22-8FA5-747753AA8E72}.Debug|Mixed Platforms.ActiveCfg = Debug|Any CPU
		{0CA1E92B-B1E0-4E22-8FA5-747753AA8E72}.Debug|Mixed Platforms.Build.0 = Debug|Any CPU
		{0CA1E92B-B1E0-4E22-8FA5-747753AA8E72}.Debug|x86.ActiveCfg = Debug|Any CPU
		{0CA1E92B-B1E0-4E22-8FA5-747753AA8E72}.Release|Any CPU.ActiveCfg = Release|Any CPU
		{0CA1E92B-B1E0-4E22-8FA5-747753AA8E72}.Release|Any CPU.Build.0 = Release|Any CPU
		{0CA1E92B-B1E0-4E22-8FA5-747753AA8E72}.Release|Mixed Platforms.ActiveCfg = Release|Any CPU
		{0CA1E92B-B1E0-4E22-8FA5-747753AA8E72}.Release|Mixed Platforms.Build.0 = Release|Any CPU
		{0CA1E92B-B1E0-4E22-8FA5-747753AA8E72}.Release|x86.ActiveCfg = Release|Any CPU
		{A5046ADF-9F92-4C36-BA9B-33C738A652CC}.Debug|Any CPU.ActiveCfg = Debug|Any CPU
		{A5046ADF-9F92-4C36-BA9B-33C738A652CC}.Debug|Any CPU.Build.0 = Debug|Any CPU
		{A5046ADF-9F92-4C36-BA9B-33C738A652CC}.Debug|Mixed Platforms.ActiveCfg = Debug|Any CPU
		{A5046ADF-9F92-4C36-BA9B-33C738A652CC}.Debug|Mixed Platforms.Build.0 = Debug|Any CPU
		{A5046ADF-9F92-4C36-BA9B-33C738A652CC}.Debug|x86.ActiveCfg = Debug|Any CPU
		{A5046ADF-9F92-4C36-BA9B-33C738A652CC}.Release|Any CPU.ActiveCfg = Release|Any CPU
		{A5046ADF-9F92-4C36-BA9B-33C738A652CC}.Release|Any CPU.Build.0 = Release|Any CPU
		{A5046ADF-9F92-4C36-BA9B-33C738A652CC}.Release|Mixed Platforms.ActiveCfg = Release|Any CPU
		{A5046ADF-9F92-4C36-BA9B-33C738A652CC}.Release|Mixed Platforms.Build.0 = Release|Any CPU
		{A5046ADF-9F92-4C36-BA9B-33C738A652CC}.Release|x86.ActiveCfg = Release|Any CPU
		{5869DF27-DF47-4B74-81CC-6018DC77A070}.Debug|Any CPU.ActiveCfg = Debug|Any CPU
		{5869DF27-DF47-4B74-81CC-6018DC77A070}.Debug|Any CPU.Build.0 = Debug|Any CPU
		{5869DF27-DF47-4B74-81CC-6018DC77A070}.Debug|Mixed Platforms.ActiveCfg = Debug|Any CPU
		{5869DF27-DF47-4B74-81CC-6018DC77A070}.Debug|Mixed Platforms.Build.0 = Debug|Any CPU
		{5869DF27-DF47-4B74-81CC-6018DC77A070}.Debug|x86.ActiveCfg = Debug|Any CPU
		{5869DF27-DF47-4B74-81CC-6018DC77A070}.Release|Any CPU.ActiveCfg = Release|Any CPU
		{5869DF27-DF47-4B74-81CC-6018DC77A070}.Release|Any CPU.Build.0 = Release|Any CPU
		{5869DF27-DF47-4B74-81CC-6018DC77A070}.Release|Mixed Platforms.ActiveCfg = Release|Any CPU
		{5869DF27-DF47-4B74-81CC-6018DC77A070}.Release|Mixed Platforms.Build.0 = Release|Any CPU
		{5869DF27-DF47-4B74-81CC-6018DC77A070}.Release|x86.ActiveCfg = Release|Any CPU
		{24632FDB-95C9-4112-A16A-20B8FF065B25}.Debug|Any CPU.ActiveCfg = Debug|Any CPU
		{24632FDB-95C9-4112-A16A-20B8FF065B25}.Debug|Any CPU.Build.0 = Debug|Any CPU
		{24632FDB-95C9-4112-A16A-20B8FF065B25}.Debug|Mixed Platforms.ActiveCfg = Debug|Any CPU
		{24632FDB-95C9-4112-A16A-20B8FF065B25}.Debug|Mixed Platforms.Build.0 = Debug|Any CPU
		{24632FDB-95C9-4112-A16A-20B8FF065B25}.Debug|x86.ActiveCfg = Debug|Any CPU
		{24632FDB-95C9-4112-A16A-20B8FF065B25}.Release|Any CPU.ActiveCfg = Release|Any CPU
		{24632FDB-95C9-4112-A16A-20B8FF065B25}.Release|Any CPU.Build.0 = Release|Any CPU
		{24632FDB-95C9-4112-A16A-20B8FF065B25}.Release|Mixed Platforms.ActiveCfg = Release|Any CPU
		{24632FDB-95C9-4112-A16A-20B8FF065B25}.Release|Mixed Platforms.Build.0 = Release|Any CPU
		{24632FDB-95C9-4112-A16A-20B8FF065B25}.Release|x86.ActiveCfg = Release|Any CPU
		{06DEC76A-D06E-4F12-8DCA-32E54ED86FB5}.Debug|Any CPU.ActiveCfg = Debug|x86
		{06DEC76A-D06E-4F12-8DCA-32E54ED86FB5}.Debug|Mixed Platforms.ActiveCfg = Debug|x86
		{06DEC76A-D06E-4F12-8DCA-32E54ED86FB5}.Debug|x86.ActiveCfg = Debug|x86
		{06DEC76A-D06E-4F12-8DCA-32E54ED86FB5}.Debug|x86.Build.0 = Debug|x86
		{06DEC76A-D06E-4F12-8DCA-32E54ED86FB5}.Release|Any CPU.ActiveCfg = Release|x86
		{06DEC76A-D06E-4F12-8DCA-32E54ED86FB5}.Release|Mixed Platforms.ActiveCfg = Release|x86
		{06DEC76A-D06E-4F12-8DCA-32E54ED86FB5}.Release|x86.ActiveCfg = Release|x86
		{06DEC76A-D06E-4F12-8DCA-32E54ED86FB5}.Release|x86.Build.0 = Release|x86
		{55A8917A-EA43-403C-A00C-2FCAEB8E99EF}.Debug|Any CPU.ActiveCfg = Debug|Any CPU
		{55A8917A-EA43-403C-A00C-2FCAEB8E99EF}.Debug|Any CPU.Build.0 = Debug|Any CPU
		{55A8917A-EA43-403C-A00C-2FCAEB8E99EF}.Debug|Mixed Platforms.ActiveCfg = Debug|Any CPU
		{55A8917A-EA43-403C-A00C-2FCAEB8E99EF}.Debug|Mixed Platforms.Build.0 = Debug|Any CPU
		{55A8917A-EA43-403C-A00C-2FCAEB8E99EF}.Debug|x86.ActiveCfg = Debug|Any CPU
		{55A8917A-EA43-403C-A00C-2FCAEB8E99EF}.Release|Any CPU.ActiveCfg = Release|Any CPU
		{55A8917A-EA43-403C-A00C-2FCAEB8E99EF}.Release|Any CPU.Build.0 = Release|Any CPU
		{55A8917A-EA43-403C-A00C-2FCAEB8E99EF}.Release|Mixed Platforms.ActiveCfg = Release|Any CPU
		{55A8917A-EA43-403C-A00C-2FCAEB8E99EF}.Release|Mixed Platforms.Build.0 = Release|Any CPU
		{55A8917A-EA43-403C-A00C-2FCAEB8E99EF}.Release|x86.ActiveCfg = Release|Any CPU
		{786FA73E-B9CB-4294-8157-F1C78103153F}.Debug|Any CPU.ActiveCfg = Debug|Any CPU
		{786FA73E-B9CB-4294-8157-F1C78103153F}.Debug|Any CPU.Build.0 = Debug|Any CPU
		{786FA73E-B9CB-4294-8157-F1C78103153F}.Debug|Mixed Platforms.ActiveCfg = Debug|Any CPU
		{786FA73E-B9CB-4294-8157-F1C78103153F}.Debug|Mixed Platforms.Build.0 = Debug|Any CPU
		{786FA73E-B9CB-4294-8157-F1C78103153F}.Debug|x86.ActiveCfg = Debug|Any CPU
		{786FA73E-B9CB-4294-8157-F1C78103153F}.Release|Any CPU.ActiveCfg = Release|Any CPU
		{786FA73E-B9CB-4294-8157-F1C78103153F}.Release|Any CPU.Build.0 = Release|Any CPU
		{786FA73E-B9CB-4294-8157-F1C78103153F}.Release|Mixed Platforms.ActiveCfg = Release|Any CPU
		{786FA73E-B9CB-4294-8157-F1C78103153F}.Release|Mixed Platforms.Build.0 = Release|Any CPU
		{786FA73E-B9CB-4294-8157-F1C78103153F}.Release|x86.ActiveCfg = Release|Any CPU
		{08210552-2F25-4A33-AFE4-9119FFF2AC60}.Debug|Any CPU.ActiveCfg = Debug|Any CPU
		{08210552-2F25-4A33-AFE4-9119FFF2AC60}.Debug|Any CPU.Build.0 = Debug|Any CPU
		{08210552-2F25-4A33-AFE4-9119FFF2AC60}.Debug|Mixed Platforms.ActiveCfg = Debug|Any CPU
		{08210552-2F25-4A33-AFE4-9119FFF2AC60}.Debug|Mixed Platforms.Build.0 = Debug|Any CPU
		{08210552-2F25-4A33-AFE4-9119FFF2AC60}.Debug|x86.ActiveCfg = Debug|Any CPU
		{08210552-2F25-4A33-AFE4-9119FFF2AC60}.Release|Any CPU.ActiveCfg = Release|Any CPU
		{08210552-2F25-4A33-AFE4-9119FFF2AC60}.Release|Any CPU.Build.0 = Release|Any CPU
		{08210552-2F25-4A33-AFE4-9119FFF2AC60}.Release|Mixed Platforms.ActiveCfg = Release|Any CPU
		{08210552-2F25-4A33-AFE4-9119FFF2AC60}.Release|Mixed Platforms.Build.0 = Release|Any CPU
		{08210552-2F25-4A33-AFE4-9119FFF2AC60}.Release|x86.ActiveCfg = Release|Any CPU
		{6761BABC-8D45-4D08-B112-088FA47AB625}.Debug|Any CPU.ActiveCfg = Debug|Any CPU
		{6761BABC-8D45-4D08-B112-088FA47AB625}.Debug|Any CPU.Build.0 = Debug|Any CPU
		{6761BABC-8D45-4D08-B112-088FA47AB625}.Debug|Mixed Platforms.ActiveCfg = Debug|Any CPU
		{6761BABC-8D45-4D08-B112-088FA47AB625}.Debug|Mixed Platforms.Build.0 = Debug|Any CPU
		{6761BABC-8D45-4D08-B112-088FA47AB625}.Debug|x86.ActiveCfg = Debug|Any CPU
		{6761BABC-8D45-4D08-B112-088FA47AB625}.Release|Any CPU.ActiveCfg = Release|Any CPU
		{6761BABC-8D45-4D08-B112-088FA47AB625}.Release|Any CPU.Build.0 = Release|Any CPU
		{6761BABC-8D45-4D08-B112-088FA47AB625}.Release|Mixed Platforms.ActiveCfg = Release|Any CPU
		{6761BABC-8D45-4D08-B112-088FA47AB625}.Release|Mixed Platforms.Build.0 = Release|Any CPU
		{6761BABC-8D45-4D08-B112-088FA47AB625}.Release|x86.ActiveCfg = Release|Any CPU
		{49D7FB03-A129-4E44-9327-51EC4E1E0FB4}.Debug|Any CPU.ActiveCfg = Debug|Any CPU
		{49D7FB03-A129-4E44-9327-51EC4E1E0FB4}.Debug|Any CPU.Build.0 = Debug|Any CPU
		{49D7FB03-A129-4E44-9327-51EC4E1E0FB4}.Debug|Mixed Platforms.ActiveCfg = Debug|Any CPU
		{49D7FB03-A129-4E44-9327-51EC4E1E0FB4}.Debug|Mixed Platforms.Build.0 = Debug|Any CPU
		{49D7FB03-A129-4E44-9327-51EC4E1E0FB4}.Debug|x86.ActiveCfg = Debug|Any CPU
		{49D7FB03-A129-4E44-9327-51EC4E1E0FB4}.Release|Any CPU.ActiveCfg = Release|Any CPU
		{49D7FB03-A129-4E44-9327-51EC4E1E0FB4}.Release|Any CPU.Build.0 = Release|Any CPU
		{49D7FB03-A129-4E44-9327-51EC4E1E0FB4}.Release|Mixed Platforms.ActiveCfg = Release|Any CPU
		{49D7FB03-A129-4E44-9327-51EC4E1E0FB4}.Release|Mixed Platforms.Build.0 = Release|Any CPU
		{49D7FB03-A129-4E44-9327-51EC4E1E0FB4}.Release|x86.ActiveCfg = Release|Any CPU
		{55E77316-2E6B-4D00-AAD6-C755C70FE812}.Debug|Any CPU.ActiveCfg = Debug|Any CPU
		{55E77316-2E6B-4D00-AAD6-C755C70FE812}.Debug|Any CPU.Build.0 = Debug|Any CPU
		{55E77316-2E6B-4D00-AAD6-C755C70FE812}.Debug|Mixed Platforms.ActiveCfg = Debug|Any CPU
		{55E77316-2E6B-4D00-AAD6-C755C70FE812}.Debug|Mixed Platforms.Build.0 = Debug|Any CPU
		{55E77316-2E6B-4D00-AAD6-C755C70FE812}.Debug|x86.ActiveCfg = Debug|Any CPU
		{55E77316-2E6B-4D00-AAD6-C755C70FE812}.Release|Any CPU.ActiveCfg = Release|Any CPU
		{55E77316-2E6B-4D00-AAD6-C755C70FE812}.Release|Any CPU.Build.0 = Release|Any CPU
		{55E77316-2E6B-4D00-AAD6-C755C70FE812}.Release|Mixed Platforms.ActiveCfg = Release|Any CPU
		{55E77316-2E6B-4D00-AAD6-C755C70FE812}.Release|Mixed Platforms.Build.0 = Release|Any CPU
		{55E77316-2E6B-4D00-AAD6-C755C70FE812}.Release|x86.ActiveCfg = Release|Any CPU
		{26BEFDB1-9762-4132-9F45-06CABE14D43C}.Debug|Any CPU.ActiveCfg = Debug|Any CPU
		{26BEFDB1-9762-4132-9F45-06CABE14D43C}.Debug|Any CPU.Build.0 = Debug|Any CPU
		{26BEFDB1-9762-4132-9F45-06CABE14D43C}.Debug|Mixed Platforms.ActiveCfg = Debug|Any CPU
		{26BEFDB1-9762-4132-9F45-06CABE14D43C}.Debug|Mixed Platforms.Build.0 = Debug|Any CPU
		{26BEFDB1-9762-4132-9F45-06CABE14D43C}.Debug|x86.ActiveCfg = Debug|Any CPU
		{26BEFDB1-9762-4132-9F45-06CABE14D43C}.Release|Any CPU.ActiveCfg = Release|Any CPU
		{26BEFDB1-9762-4132-9F45-06CABE14D43C}.Release|Any CPU.Build.0 = Release|Any CPU
		{26BEFDB1-9762-4132-9F45-06CABE14D43C}.Release|Mixed Platforms.ActiveCfg = Release|Any CPU
		{26BEFDB1-9762-4132-9F45-06CABE14D43C}.Release|Mixed Platforms.Build.0 = Release|Any CPU
		{26BEFDB1-9762-4132-9F45-06CABE14D43C}.Release|x86.ActiveCfg = Release|Any CPU
		{DE7E4F9F-9917-4931-A44B-B21A18C86669}.Debug|Any CPU.ActiveCfg = Debug|Any CPU
		{DE7E4F9F-9917-4931-A44B-B21A18C86669}.Debug|Any CPU.Build.0 = Debug|Any CPU
		{DE7E4F9F-9917-4931-A44B-B21A18C86669}.Debug|Mixed Platforms.ActiveCfg = Debug|Any CPU
		{DE7E4F9F-9917-4931-A44B-B21A18C86669}.Debug|Mixed Platforms.Build.0 = Debug|Any CPU
		{DE7E4F9F-9917-4931-A44B-B21A18C86669}.Debug|x86.ActiveCfg = Debug|Any CPU
		{DE7E4F9F-9917-4931-A44B-B21A18C86669}.Release|Any CPU.ActiveCfg = Release|Any CPU
		{DE7E4F9F-9917-4931-A44B-B21A18C86669}.Release|Any CPU.Build.0 = Release|Any CPU
		{DE7E4F9F-9917-4931-A44B-B21A18C86669}.Release|Mixed Platforms.ActiveCfg = Release|Any CPU
		{DE7E4F9F-9917-4931-A44B-B21A18C86669}.Release|Mixed Platforms.Build.0 = Release|Any CPU
		{DE7E4F9F-9917-4931-A44B-B21A18C86669}.Release|x86.ActiveCfg = Release|Any CPU
		{88257D62-7FE9-4128-A39B-1FF4511C8B3A}.Debug|Any CPU.ActiveCfg = Debug|Any CPU
		{88257D62-7FE9-4128-A39B-1FF4511C8B3A}.Debug|Any CPU.Build.0 = Debug|Any CPU
		{88257D62-7FE9-4128-A39B-1FF4511C8B3A}.Debug|Mixed Platforms.ActiveCfg = Debug|Any CPU
		{88257D62-7FE9-4128-A39B-1FF4511C8B3A}.Debug|Mixed Platforms.Build.0 = Debug|Any CPU
		{88257D62-7FE9-4128-A39B-1FF4511C8B3A}.Debug|x86.ActiveCfg = Debug|Any CPU
		{88257D62-7FE9-4128-A39B-1FF4511C8B3A}.Release|Any CPU.ActiveCfg = Release|Any CPU
		{88257D62-7FE9-4128-A39B-1FF4511C8B3A}.Release|Any CPU.Build.0 = Release|Any CPU
		{88257D62-7FE9-4128-A39B-1FF4511C8B3A}.Release|Mixed Platforms.ActiveCfg = Release|Any CPU
		{88257D62-7FE9-4128-A39B-1FF4511C8B3A}.Release|Mixed Platforms.Build.0 = Release|Any CPU
		{88257D62-7FE9-4128-A39B-1FF4511C8B3A}.Release|x86.ActiveCfg = Release|Any CPU
		{450A9049-224E-47D2-ADF8-D57A168DC266}.Debug|Any CPU.ActiveCfg = Debug|Any CPU
		{450A9049-224E-47D2-ADF8-D57A168DC266}.Debug|Any CPU.Build.0 = Debug|Any CPU
		{450A9049-224E-47D2-ADF8-D57A168DC266}.Debug|Mixed Platforms.ActiveCfg = Debug|Any CPU
		{450A9049-224E-47D2-ADF8-D57A168DC266}.Debug|Mixed Platforms.Build.0 = Debug|Any CPU
		{450A9049-224E-47D2-ADF8-D57A168DC266}.Debug|x86.ActiveCfg = Debug|Any CPU
		{450A9049-224E-47D2-ADF8-D57A168DC266}.Release|Any CPU.ActiveCfg = Release|Any CPU
		{450A9049-224E-47D2-ADF8-D57A168DC266}.Release|Any CPU.Build.0 = Release|Any CPU
		{450A9049-224E-47D2-ADF8-D57A168DC266}.Release|Mixed Platforms.ActiveCfg = Release|Any CPU
		{450A9049-224E-47D2-ADF8-D57A168DC266}.Release|Mixed Platforms.Build.0 = Release|Any CPU
		{450A9049-224E-47D2-ADF8-D57A168DC266}.Release|x86.ActiveCfg = Release|Any CPU
		{D0C24324-EBBE-450A-88D7-F71DA081B063}.Debug|Any CPU.ActiveCfg = Debug|Any CPU
		{D0C24324-EBBE-450A-88D7-F71DA081B063}.Debug|Any CPU.Build.0 = Debug|Any CPU
		{D0C24324-EBBE-450A-88D7-F71DA081B063}.Debug|Mixed Platforms.ActiveCfg = Debug|Any CPU
		{D0C24324-EBBE-450A-88D7-F71DA081B063}.Debug|Mixed Platforms.Build.0 = Debug|Any CPU
		{D0C24324-EBBE-450A-88D7-F71DA081B063}.Debug|x86.ActiveCfg = Debug|Any CPU
		{D0C24324-EBBE-450A-88D7-F71DA081B063}.Release|Any CPU.ActiveCfg = Release|Any CPU
		{D0C24324-EBBE-450A-88D7-F71DA081B063}.Release|Any CPU.Build.0 = Release|Any CPU
		{D0C24324-EBBE-450A-88D7-F71DA081B063}.Release|Mixed Platforms.ActiveCfg = Release|Any CPU
		{D0C24324-EBBE-450A-88D7-F71DA081B063}.Release|Mixed Platforms.Build.0 = Release|Any CPU
		{D0C24324-EBBE-450A-88D7-F71DA081B063}.Release|x86.ActiveCfg = Release|Any CPU
		{DF6C3E33-9425-410B-A103-069A249DD087}.Debug|Any CPU.ActiveCfg = Debug|Any CPU
		{DF6C3E33-9425-410B-A103-069A249DD087}.Debug|Any CPU.Build.0 = Debug|Any CPU
		{DF6C3E33-9425-410B-A103-069A249DD087}.Debug|Mixed Platforms.ActiveCfg = Debug|Any CPU
		{DF6C3E33-9425-410B-A103-069A249DD087}.Debug|Mixed Platforms.Build.0 = Debug|Any CPU
		{DF6C3E33-9425-410B-A103-069A249DD087}.Debug|x86.ActiveCfg = Debug|Any CPU
		{DF6C3E33-9425-410B-A103-069A249DD087}.Release|Any CPU.ActiveCfg = Release|Any CPU
		{DF6C3E33-9425-410B-A103-069A249DD087}.Release|Any CPU.Build.0 = Release|Any CPU
		{DF6C3E33-9425-410B-A103-069A249DD087}.Release|Mixed Platforms.ActiveCfg = Release|Any CPU
		{DF6C3E33-9425-410B-A103-069A249DD087}.Release|Mixed Platforms.Build.0 = Release|Any CPU
		{DF6C3E33-9425-410B-A103-069A249DD087}.Release|x86.ActiveCfg = Release|Any CPU
		{E5664DBD-9741-4025-AE6E-56F289B10AF1}.Debug|Any CPU.ActiveCfg = Debug|Any CPU
		{E5664DBD-9741-4025-AE6E-56F289B10AF1}.Debug|Any CPU.Build.0 = Debug|Any CPU
		{E5664DBD-9741-4025-AE6E-56F289B10AF1}.Debug|Mixed Platforms.ActiveCfg = Debug|Any CPU
		{E5664DBD-9741-4025-AE6E-56F289B10AF1}.Debug|Mixed Platforms.Build.0 = Debug|Any CPU
		{E5664DBD-9741-4025-AE6E-56F289B10AF1}.Debug|x86.ActiveCfg = Debug|Any CPU
		{E5664DBD-9741-4025-AE6E-56F289B10AF1}.Release|Any CPU.ActiveCfg = Release|Any CPU
		{E5664DBD-9741-4025-AE6E-56F289B10AF1}.Release|Any CPU.Build.0 = Release|Any CPU
		{E5664DBD-9741-4025-AE6E-56F289B10AF1}.Release|Mixed Platforms.ActiveCfg = Release|Any CPU
		{E5664DBD-9741-4025-AE6E-56F289B10AF1}.Release|Mixed Platforms.Build.0 = Release|Any CPU
		{E5664DBD-9741-4025-AE6E-56F289B10AF1}.Release|x86.ActiveCfg = Release|Any CPU
		{19543C42-11DF-4BE3-AAFF-8C0B6ED2E939}.Debug|Any CPU.ActiveCfg = Debug|Any CPU
		{19543C42-11DF-4BE3-AAFF-8C0B6ED2E939}.Debug|Any CPU.Build.0 = Debug|Any CPU
		{19543C42-11DF-4BE3-AAFF-8C0B6ED2E939}.Debug|Mixed Platforms.ActiveCfg = Debug|Any CPU
		{19543C42-11DF-4BE3-AAFF-8C0B6ED2E939}.Debug|Mixed Platforms.Build.0 = Debug|Any CPU
		{19543C42-11DF-4BE3-AAFF-8C0B6ED2E939}.Debug|x86.ActiveCfg = Debug|Any CPU
		{19543C42-11DF-4BE3-AAFF-8C0B6ED2E939}.Release|Any CPU.ActiveCfg = Release|Any CPU
		{19543C42-11DF-4BE3-AAFF-8C0B6ED2E939}.Release|Any CPU.Build.0 = Release|Any CPU
		{19543C42-11DF-4BE3-AAFF-8C0B6ED2E939}.Release|Mixed Platforms.ActiveCfg = Release|Any CPU
		{19543C42-11DF-4BE3-AAFF-8C0B6ED2E939}.Release|Mixed Platforms.Build.0 = Release|Any CPU
		{19543C42-11DF-4BE3-AAFF-8C0B6ED2E939}.Release|x86.ActiveCfg = Release|Any CPU
		{F168EE13-6F43-4116-A91A-17A5D174ADEE}.Debug|Any CPU.ActiveCfg = Debug|Any CPU
		{F168EE13-6F43-4116-A91A-17A5D174ADEE}.Debug|Any CPU.Build.0 = Debug|Any CPU
		{F168EE13-6F43-4116-A91A-17A5D174ADEE}.Debug|Mixed Platforms.ActiveCfg = Debug|Any CPU
		{F168EE13-6F43-4116-A91A-17A5D174ADEE}.Debug|Mixed Platforms.Build.0 = Debug|Any CPU
		{F168EE13-6F43-4116-A91A-17A5D174ADEE}.Debug|x86.ActiveCfg = Debug|Any CPU
		{F168EE13-6F43-4116-A91A-17A5D174ADEE}.Release|Any CPU.ActiveCfg = Release|Any CPU
		{F168EE13-6F43-4116-A91A-17A5D174ADEE}.Release|Any CPU.Build.0 = Release|Any CPU
		{F168EE13-6F43-4116-A91A-17A5D174ADEE}.Release|Mixed Platforms.ActiveCfg = Release|Any CPU
		{F168EE13-6F43-4116-A91A-17A5D174ADEE}.Release|Mixed Platforms.Build.0 = Release|Any CPU
		{F168EE13-6F43-4116-A91A-17A5D174ADEE}.Release|x86.ActiveCfg = Release|Any CPU
		{C7881CF5-78D7-456A-8A66-4AAC321342D5}.Debug|Any CPU.ActiveCfg = Debug|Any CPU
		{C7881CF5-78D7-456A-8A66-4AAC321342D5}.Debug|Any CPU.Build.0 = Debug|Any CPU
		{C7881CF5-78D7-456A-8A66-4AAC321342D5}.Debug|Mixed Platforms.ActiveCfg = Debug|Any CPU
		{C7881CF5-78D7-456A-8A66-4AAC321342D5}.Debug|Mixed Platforms.Build.0 = Debug|Any CPU
		{C7881CF5-78D7-456A-8A66-4AAC321342D5}.Debug|x86.ActiveCfg = Debug|Any CPU
		{C7881CF5-78D7-456A-8A66-4AAC321342D5}.Release|Any CPU.ActiveCfg = Release|Any CPU
		{C7881CF5-78D7-456A-8A66-4AAC321342D5}.Release|Any CPU.Build.0 = Release|Any CPU
		{C7881CF5-78D7-456A-8A66-4AAC321342D5}.Release|Mixed Platforms.ActiveCfg = Release|Any CPU
		{C7881CF5-78D7-456A-8A66-4AAC321342D5}.Release|Mixed Platforms.Build.0 = Release|Any CPU
		{C7881CF5-78D7-456A-8A66-4AAC321342D5}.Release|x86.ActiveCfg = Release|Any CPU
		{AABEE5A5-1FB6-405F-A2B0-44970D25D4DB}.Debug|Any CPU.ActiveCfg = Debug|Any CPU
		{AABEE5A5-1FB6-405F-A2B0-44970D25D4DB}.Debug|Any CPU.Build.0 = Debug|Any CPU
		{AABEE5A5-1FB6-405F-A2B0-44970D25D4DB}.Debug|Mixed Platforms.ActiveCfg = Debug|Any CPU
		{AABEE5A5-1FB6-405F-A2B0-44970D25D4DB}.Debug|Mixed Platforms.Build.0 = Debug|Any CPU
		{AABEE5A5-1FB6-405F-A2B0-44970D25D4DB}.Debug|x86.ActiveCfg = Debug|Any CPU
		{AABEE5A5-1FB6-405F-A2B0-44970D25D4DB}.Release|Any CPU.ActiveCfg = Release|Any CPU
		{AABEE5A5-1FB6-405F-A2B0-44970D25D4DB}.Release|Any CPU.Build.0 = Release|Any CPU
		{AABEE5A5-1FB6-405F-A2B0-44970D25D4DB}.Release|Mixed Platforms.ActiveCfg = Release|Any CPU
		{AABEE5A5-1FB6-405F-A2B0-44970D25D4DB}.Release|Mixed Platforms.Build.0 = Release|Any CPU
		{AABEE5A5-1FB6-405F-A2B0-44970D25D4DB}.Release|x86.ActiveCfg = Release|Any CPU
		{586B36F9-F3CE-43F5-ADF4-17EB6987BE40}.Debug|Any CPU.ActiveCfg = Debug|Any CPU
		{586B36F9-F3CE-43F5-ADF4-17EB6987BE40}.Debug|Any CPU.Build.0 = Debug|Any CPU
		{586B36F9-F3CE-43F5-ADF4-17EB6987BE40}.Debug|Mixed Platforms.ActiveCfg = Debug|Any CPU
		{586B36F9-F3CE-43F5-ADF4-17EB6987BE40}.Debug|Mixed Platforms.Build.0 = Debug|Any CPU
		{586B36F9-F3CE-43F5-ADF4-17EB6987BE40}.Debug|x86.ActiveCfg = Debug|Any CPU
		{586B36F9-F3CE-43F5-ADF4-17EB6987BE40}.Release|Any CPU.ActiveCfg = Release|Any CPU
		{586B36F9-F3CE-43F5-ADF4-17EB6987BE40}.Release|Any CPU.Build.0 = Release|Any CPU
		{586B36F9-F3CE-43F5-ADF4-17EB6987BE40}.Release|Mixed Platforms.ActiveCfg = Release|Any CPU
		{586B36F9-F3CE-43F5-ADF4-17EB6987BE40}.Release|Mixed Platforms.Build.0 = Release|Any CPU
		{586B36F9-F3CE-43F5-ADF4-17EB6987BE40}.Release|x86.ActiveCfg = Release|Any CPU
		{2ADA20D1-F2BC-4B5F-A6BF-2F0C198EBC57}.Debug|Any CPU.ActiveCfg = Debug|Any CPU
		{2ADA20D1-F2BC-4B5F-A6BF-2F0C198EBC57}.Debug|Any CPU.Build.0 = Debug|Any CPU
		{2ADA20D1-F2BC-4B5F-A6BF-2F0C198EBC57}.Debug|Mixed Platforms.ActiveCfg = Debug|Any CPU
		{2ADA20D1-F2BC-4B5F-A6BF-2F0C198EBC57}.Debug|Mixed Platforms.Build.0 = Debug|Any CPU
		{2ADA20D1-F2BC-4B5F-A6BF-2F0C198EBC57}.Debug|x86.ActiveCfg = Debug|Any CPU
		{2ADA20D1-F2BC-4B5F-A6BF-2F0C198EBC57}.Release|Any CPU.ActiveCfg = Release|Any CPU
		{2ADA20D1-F2BC-4B5F-A6BF-2F0C198EBC57}.Release|Any CPU.Build.0 = Release|Any CPU
		{2ADA20D1-F2BC-4B5F-A6BF-2F0C198EBC57}.Release|Mixed Platforms.ActiveCfg = Release|Any CPU
		{2ADA20D1-F2BC-4B5F-A6BF-2F0C198EBC57}.Release|Mixed Platforms.Build.0 = Release|Any CPU
		{2ADA20D1-F2BC-4B5F-A6BF-2F0C198EBC57}.Release|x86.ActiveCfg = Release|Any CPU
		{E1332A3F-04D1-4D02-B0F0-A20046EAF437}.Debug|Any CPU.ActiveCfg = Debug|Any CPU
		{E1332A3F-04D1-4D02-B0F0-A20046EAF437}.Debug|Any CPU.Build.0 = Debug|Any CPU
		{E1332A3F-04D1-4D02-B0F0-A20046EAF437}.Debug|Mixed Platforms.ActiveCfg = Debug|Any CPU
		{E1332A3F-04D1-4D02-B0F0-A20046EAF437}.Debug|Mixed Platforms.Build.0 = Debug|Any CPU
		{E1332A3F-04D1-4D02-B0F0-A20046EAF437}.Debug|x86.ActiveCfg = Debug|Any CPU
		{E1332A3F-04D1-4D02-B0F0-A20046EAF437}.Release|Any CPU.ActiveCfg = Release|Any CPU
		{E1332A3F-04D1-4D02-B0F0-A20046EAF437}.Release|Any CPU.Build.0 = Release|Any CPU
		{E1332A3F-04D1-4D02-B0F0-A20046EAF437}.Release|Mixed Platforms.ActiveCfg = Release|Any CPU
		{E1332A3F-04D1-4D02-B0F0-A20046EAF437}.Release|Mixed Platforms.Build.0 = Release|Any CPU
		{E1332A3F-04D1-4D02-B0F0-A20046EAF437}.Release|x86.ActiveCfg = Release|Any CPU
		{4F931C9B-A090-4C7C-AD99-F530BB5FD8DE}.Debug|Any CPU.ActiveCfg = Debug|Any CPU
		{4F931C9B-A090-4C7C-AD99-F530BB5FD8DE}.Debug|Any CPU.Build.0 = Debug|Any CPU
		{4F931C9B-A090-4C7C-AD99-F530BB5FD8DE}.Debug|Mixed Platforms.ActiveCfg = Debug|Any CPU
		{4F931C9B-A090-4C7C-AD99-F530BB5FD8DE}.Debug|Mixed Platforms.Build.0 = Debug|Any CPU
		{4F931C9B-A090-4C7C-AD99-F530BB5FD8DE}.Debug|x86.ActiveCfg = Debug|Any CPU
		{4F931C9B-A090-4C7C-AD99-F530BB5FD8DE}.Release|Any CPU.ActiveCfg = Release|Any CPU
		{4F931C9B-A090-4C7C-AD99-F530BB5FD8DE}.Release|Any CPU.Build.0 = Release|Any CPU
		{4F931C9B-A090-4C7C-AD99-F530BB5FD8DE}.Release|Mixed Platforms.ActiveCfg = Release|Any CPU
		{4F931C9B-A090-4C7C-AD99-F530BB5FD8DE}.Release|Mixed Platforms.Build.0 = Release|Any CPU
		{4F931C9B-A090-4C7C-AD99-F530BB5FD8DE}.Release|x86.ActiveCfg = Release|Any CPU
		{1728DBDD-7471-4C03-809B-C2E83A4C8C7C}.Debug|Any CPU.ActiveCfg = Debug|Any CPU
		{1728DBDD-7471-4C03-809B-C2E83A4C8C7C}.Debug|Any CPU.Build.0 = Debug|Any CPU
		{1728DBDD-7471-4C03-809B-C2E83A4C8C7C}.Debug|Mixed Platforms.ActiveCfg = Debug|Any CPU
		{1728DBDD-7471-4C03-809B-C2E83A4C8C7C}.Debug|Mixed Platforms.Build.0 = Debug|Any CPU
		{1728DBDD-7471-4C03-809B-C2E83A4C8C7C}.Debug|x86.ActiveCfg = Debug|Any CPU
		{1728DBDD-7471-4C03-809B-C2E83A4C8C7C}.Release|Any CPU.ActiveCfg = Release|Any CPU
		{1728DBDD-7471-4C03-809B-C2E83A4C8C7C}.Release|Any CPU.Build.0 = Release|Any CPU
		{1728DBDD-7471-4C03-809B-C2E83A4C8C7C}.Release|Mixed Platforms.ActiveCfg = Release|Any CPU
		{1728DBDD-7471-4C03-809B-C2E83A4C8C7C}.Release|Mixed Platforms.Build.0 = Release|Any CPU
		{1728DBDD-7471-4C03-809B-C2E83A4C8C7C}.Release|x86.ActiveCfg = Release|Any CPU
		{CAAF02C4-DA84-47BF-8FB6-150BE71785CA}.Debug|Any CPU.ActiveCfg = Debug|Any CPU
		{CAAF02C4-DA84-47BF-8FB6-150BE71785CA}.Debug|Any CPU.Build.0 = Debug|Any CPU
		{CAAF02C4-DA84-47BF-8FB6-150BE71785CA}.Debug|Mixed Platforms.ActiveCfg = Debug|Any CPU
		{CAAF02C4-DA84-47BF-8FB6-150BE71785CA}.Debug|Mixed Platforms.Build.0 = Debug|Any CPU
		{CAAF02C4-DA84-47BF-8FB6-150BE71785CA}.Debug|x86.ActiveCfg = Debug|Any CPU
		{CAAF02C4-DA84-47BF-8FB6-150BE71785CA}.Release|Any CPU.ActiveCfg = Release|Any CPU
		{CAAF02C4-DA84-47BF-8FB6-150BE71785CA}.Release|Any CPU.Build.0 = Release|Any CPU
		{CAAF02C4-DA84-47BF-8FB6-150BE71785CA}.Release|Mixed Platforms.ActiveCfg = Release|Any CPU
		{CAAF02C4-DA84-47BF-8FB6-150BE71785CA}.Release|Mixed Platforms.Build.0 = Release|Any CPU
		{CAAF02C4-DA84-47BF-8FB6-150BE71785CA}.Release|x86.ActiveCfg = Release|Any CPU
		{FCD84E3E-877B-4694-AAF0-4F6A376FC50F}.Debug|Any CPU.ActiveCfg = Debug|Any CPU
		{FCD84E3E-877B-4694-AAF0-4F6A376FC50F}.Debug|Any CPU.Build.0 = Debug|Any CPU
		{FCD84E3E-877B-4694-AAF0-4F6A376FC50F}.Debug|Mixed Platforms.ActiveCfg = Debug|Any CPU
		{FCD84E3E-877B-4694-AAF0-4F6A376FC50F}.Debug|Mixed Platforms.Build.0 = Debug|Any CPU
		{FCD84E3E-877B-4694-AAF0-4F6A376FC50F}.Debug|x86.ActiveCfg = Debug|Any CPU
		{FCD84E3E-877B-4694-AAF0-4F6A376FC50F}.Release|Any CPU.ActiveCfg = Release|Any CPU
		{FCD84E3E-877B-4694-AAF0-4F6A376FC50F}.Release|Any CPU.Build.0 = Release|Any CPU
		{FCD84E3E-877B-4694-AAF0-4F6A376FC50F}.Release|Mixed Platforms.ActiveCfg = Release|Any CPU
		{FCD84E3E-877B-4694-AAF0-4F6A376FC50F}.Release|Mixed Platforms.Build.0 = Release|Any CPU
		{FCD84E3E-877B-4694-AAF0-4F6A376FC50F}.Release|x86.ActiveCfg = Release|Any CPU
		{CF42EAE9-0AFA-4BA0-BEDC-395BD079761E}.Debug|Any CPU.ActiveCfg = Debug|Any CPU
		{CF42EAE9-0AFA-4BA0-BEDC-395BD079761E}.Debug|Any CPU.Build.0 = Debug|Any CPU
		{CF42EAE9-0AFA-4BA0-BEDC-395BD079761E}.Debug|Mixed Platforms.ActiveCfg = Debug|Any CPU
		{CF42EAE9-0AFA-4BA0-BEDC-395BD079761E}.Debug|Mixed Platforms.Build.0 = Debug|Any CPU
		{CF42EAE9-0AFA-4BA0-BEDC-395BD079761E}.Debug|x86.ActiveCfg = Debug|Any CPU
		{CF42EAE9-0AFA-4BA0-BEDC-395BD079761E}.Release|Any CPU.ActiveCfg = Release|Any CPU
		{CF42EAE9-0AFA-4BA0-BEDC-395BD079761E}.Release|Any CPU.Build.0 = Release|Any CPU
		{CF42EAE9-0AFA-4BA0-BEDC-395BD079761E}.Release|Mixed Platforms.ActiveCfg = Release|Any CPU
		{CF42EAE9-0AFA-4BA0-BEDC-395BD079761E}.Release|Mixed Platforms.Build.0 = Release|Any CPU
		{CF42EAE9-0AFA-4BA0-BEDC-395BD079761E}.Release|x86.ActiveCfg = Release|Any CPU
		{F4BB302D-442D-4567-AC1D-57AB5765E077}.Debug|Any CPU.ActiveCfg = Debug|Any CPU
		{F4BB302D-442D-4567-AC1D-57AB5765E077}.Debug|Any CPU.Build.0 = Debug|Any CPU
		{F4BB302D-442D-4567-AC1D-57AB5765E077}.Debug|Mixed Platforms.ActiveCfg = Debug|Any CPU
		{F4BB302D-442D-4567-AC1D-57AB5765E077}.Debug|x86.ActiveCfg = Debug|Any CPU
		{F4BB302D-442D-4567-AC1D-57AB5765E077}.Release|Any CPU.ActiveCfg = Release|Any CPU
		{F4BB302D-442D-4567-AC1D-57AB5765E077}.Release|Any CPU.Build.0 = Release|Any CPU
		{F4BB302D-442D-4567-AC1D-57AB5765E077}.Release|Any CPU.Deploy.0 = Release|Any CPU
		{F4BB302D-442D-4567-AC1D-57AB5765E077}.Release|Mixed Platforms.ActiveCfg = Release|Any CPU
		{F4BB302D-442D-4567-AC1D-57AB5765E077}.Release|Mixed Platforms.Build.0 = Release|Any CPU
		{F4BB302D-442D-4567-AC1D-57AB5765E077}.Release|Mixed Platforms.Deploy.0 = Release|Any CPU
		{F4BB302D-442D-4567-AC1D-57AB5765E077}.Release|x86.ActiveCfg = Release|Any CPU
		{6349A84C-A9F3-4E3D-B6BA-4A0E382B34E3}.Debug|Any CPU.ActiveCfg = Debug|Any CPU
		{6349A84C-A9F3-4E3D-B6BA-4A0E382B34E3}.Debug|Any CPU.Build.0 = Debug|Any CPU
		{6349A84C-A9F3-4E3D-B6BA-4A0E382B34E3}.Debug|Mixed Platforms.ActiveCfg = Debug|Any CPU
		{6349A84C-A9F3-4E3D-B6BA-4A0E382B34E3}.Debug|Mixed Platforms.Build.0 = Debug|Any CPU
		{6349A84C-A9F3-4E3D-B6BA-4A0E382B34E3}.Debug|x86.ActiveCfg = Debug|Any CPU
		{6349A84C-A9F3-4E3D-B6BA-4A0E382B34E3}.Release|Any CPU.ActiveCfg = Release|Any CPU
		{6349A84C-A9F3-4E3D-B6BA-4A0E382B34E3}.Release|Any CPU.Build.0 = Release|Any CPU
		{6349A84C-A9F3-4E3D-B6BA-4A0E382B34E3}.Release|Mixed Platforms.ActiveCfg = Release|Any CPU
		{6349A84C-A9F3-4E3D-B6BA-4A0E382B34E3}.Release|Mixed Platforms.Build.0 = Release|Any CPU
		{6349A84C-A9F3-4E3D-B6BA-4A0E382B34E3}.Release|x86.ActiveCfg = Release|Any CPU
		{675B0F31-ECBF-45AE-81E1-EBE6CA3BCB14}.Debug|Any CPU.ActiveCfg = Debug|Any CPU
		{675B0F31-ECBF-45AE-81E1-EBE6CA3BCB14}.Debug|Any CPU.Build.0 = Debug|Any CPU
		{675B0F31-ECBF-45AE-81E1-EBE6CA3BCB14}.Debug|Mixed Platforms.ActiveCfg = Debug|Any CPU
		{675B0F31-ECBF-45AE-81E1-EBE6CA3BCB14}.Debug|Mixed Platforms.Build.0 = Debug|Any CPU
		{675B0F31-ECBF-45AE-81E1-EBE6CA3BCB14}.Debug|x86.ActiveCfg = Debug|Any CPU
		{675B0F31-ECBF-45AE-81E1-EBE6CA3BCB14}.Release|Any CPU.ActiveCfg = Release|Any CPU
		{675B0F31-ECBF-45AE-81E1-EBE6CA3BCB14}.Release|Any CPU.Build.0 = Release|Any CPU
		{675B0F31-ECBF-45AE-81E1-EBE6CA3BCB14}.Release|Mixed Platforms.ActiveCfg = Release|Any CPU
		{675B0F31-ECBF-45AE-81E1-EBE6CA3BCB14}.Release|Mixed Platforms.Build.0 = Release|Any CPU
		{675B0F31-ECBF-45AE-81E1-EBE6CA3BCB14}.Release|x86.ActiveCfg = Release|Any CPU
		{1BF4EBC9-3BA5-4979-9F91-19AFFB3E5FAF}.Debug|Any CPU.ActiveCfg = Debug|Any CPU
		{1BF4EBC9-3BA5-4979-9F91-19AFFB3E5FAF}.Debug|Any CPU.Build.0 = Debug|Any CPU
		{1BF4EBC9-3BA5-4979-9F91-19AFFB3E5FAF}.Debug|Mixed Platforms.ActiveCfg = Debug|Any CPU
		{1BF4EBC9-3BA5-4979-9F91-19AFFB3E5FAF}.Debug|Mixed Platforms.Build.0 = Debug|Any CPU
		{1BF4EBC9-3BA5-4979-9F91-19AFFB3E5FAF}.Debug|x86.ActiveCfg = Debug|Any CPU
		{1BF4EBC9-3BA5-4979-9F91-19AFFB3E5FAF}.Release|Any CPU.ActiveCfg = Release|Any CPU
		{1BF4EBC9-3BA5-4979-9F91-19AFFB3E5FAF}.Release|Any CPU.Build.0 = Release|Any CPU
		{1BF4EBC9-3BA5-4979-9F91-19AFFB3E5FAF}.Release|Mixed Platforms.ActiveCfg = Release|Any CPU
		{1BF4EBC9-3BA5-4979-9F91-19AFFB3E5FAF}.Release|Mixed Platforms.Build.0 = Release|Any CPU
		{1BF4EBC9-3BA5-4979-9F91-19AFFB3E5FAF}.Release|x86.ActiveCfg = Release|Any CPU
		{7A5EF097-198B-48DB-B21A-74072143CD4F}.Debug|Any CPU.ActiveCfg = Debug|Any CPU
		{7A5EF097-198B-48DB-B21A-74072143CD4F}.Debug|Any CPU.Build.0 = Debug|Any CPU
		{7A5EF097-198B-48DB-B21A-74072143CD4F}.Debug|Mixed Platforms.ActiveCfg = Debug|Any CPU
		{7A5EF097-198B-48DB-B21A-74072143CD4F}.Debug|Mixed Platforms.Build.0 = Debug|Any CPU
		{7A5EF097-198B-48DB-B21A-74072143CD4F}.Debug|x86.ActiveCfg = Debug|Any CPU
		{7A5EF097-198B-48DB-B21A-74072143CD4F}.Release|Any CPU.ActiveCfg = Release|Any CPU
		{7A5EF097-198B-48DB-B21A-74072143CD4F}.Release|Any CPU.Build.0 = Release|Any CPU
		{7A5EF097-198B-48DB-B21A-74072143CD4F}.Release|Mixed Platforms.ActiveCfg = Release|Any CPU
		{7A5EF097-198B-48DB-B21A-74072143CD4F}.Release|Mixed Platforms.Build.0 = Release|Any CPU
		{7A5EF097-198B-48DB-B21A-74072143CD4F}.Release|x86.ActiveCfg = Release|Any CPU
		{98F17037-3806-4945-ACBC-4001AA27BE60}.Debug|Any CPU.ActiveCfg = Debug|Any CPU
		{98F17037-3806-4945-ACBC-4001AA27BE60}.Debug|Any CPU.Build.0 = Debug|Any CPU
		{98F17037-3806-4945-ACBC-4001AA27BE60}.Debug|Mixed Platforms.ActiveCfg = Debug|Any CPU
		{98F17037-3806-4945-ACBC-4001AA27BE60}.Debug|Mixed Platforms.Build.0 = Debug|Any CPU
		{98F17037-3806-4945-ACBC-4001AA27BE60}.Debug|x86.ActiveCfg = Debug|Any CPU
		{98F17037-3806-4945-ACBC-4001AA27BE60}.Release|Any CPU.ActiveCfg = Release|Any CPU
		{98F17037-3806-4945-ACBC-4001AA27BE60}.Release|Any CPU.Build.0 = Release|Any CPU
		{98F17037-3806-4945-ACBC-4001AA27BE60}.Release|Mixed Platforms.ActiveCfg = Release|Any CPU
		{98F17037-3806-4945-ACBC-4001AA27BE60}.Release|Mixed Platforms.Build.0 = Release|Any CPU
		{98F17037-3806-4945-ACBC-4001AA27BE60}.Release|x86.ActiveCfg = Release|Any CPU
		{AB046CD6-556B-4023-BAC1-3F0F3183B630}.Debug|Any CPU.ActiveCfg = Debug|Any CPU
		{AB046CD6-556B-4023-BAC1-3F0F3183B630}.Debug|Any CPU.Build.0 = Debug|Any CPU
		{AB046CD6-556B-4023-BAC1-3F0F3183B630}.Debug|Mixed Platforms.ActiveCfg = Debug|Any CPU
		{AB046CD6-556B-4023-BAC1-3F0F3183B630}.Debug|Mixed Platforms.Build.0 = Debug|Any CPU
		{AB046CD6-556B-4023-BAC1-3F0F3183B630}.Debug|x86.ActiveCfg = Debug|Any CPU
		{AB046CD6-556B-4023-BAC1-3F0F3183B630}.Release|Any CPU.ActiveCfg = Release|Any CPU
		{AB046CD6-556B-4023-BAC1-3F0F3183B630}.Release|Any CPU.Build.0 = Release|Any CPU
		{AB046CD6-556B-4023-BAC1-3F0F3183B630}.Release|Mixed Platforms.ActiveCfg = Release|Any CPU
		{AB046CD6-556B-4023-BAC1-3F0F3183B630}.Release|Mixed Platforms.Build.0 = Release|Any CPU
		{AB046CD6-556B-4023-BAC1-3F0F3183B630}.Release|x86.ActiveCfg = Release|Any CPU
		{9A647497-1729-4D74-9E4C-58E6BEC25BEB}.Debug|Any CPU.ActiveCfg = Debug|Any CPU
		{9A647497-1729-4D74-9E4C-58E6BEC25BEB}.Debug|Any CPU.Build.0 = Debug|Any CPU
		{9A647497-1729-4D74-9E4C-58E6BEC25BEB}.Debug|Mixed Platforms.ActiveCfg = Debug|Any CPU
		{9A647497-1729-4D74-9E4C-58E6BEC25BEB}.Debug|Mixed Platforms.Build.0 = Debug|Any CPU
		{9A647497-1729-4D74-9E4C-58E6BEC25BEB}.Debug|x86.ActiveCfg = Debug|Any CPU
		{9A647497-1729-4D74-9E4C-58E6BEC25BEB}.Release|Any CPU.ActiveCfg = Release|Any CPU
		{9A647497-1729-4D74-9E4C-58E6BEC25BEB}.Release|Any CPU.Build.0 = Release|Any CPU
		{9A647497-1729-4D74-9E4C-58E6BEC25BEB}.Release|Mixed Platforms.ActiveCfg = Release|Any CPU
		{9A647497-1729-4D74-9E4C-58E6BEC25BEB}.Release|Mixed Platforms.Build.0 = Release|Any CPU
		{9A647497-1729-4D74-9E4C-58E6BEC25BEB}.Release|x86.ActiveCfg = Release|Any CPU
		{CB8EE1E0-3F2E-4165-9531-B08A363C1C9B}.Debug|Any CPU.ActiveCfg = Debug|Any CPU
		{CB8EE1E0-3F2E-4165-9531-B08A363C1C9B}.Debug|Any CPU.Build.0 = Debug|Any CPU
		{CB8EE1E0-3F2E-4165-9531-B08A363C1C9B}.Debug|Mixed Platforms.ActiveCfg = Debug|Any CPU
		{CB8EE1E0-3F2E-4165-9531-B08A363C1C9B}.Debug|Mixed Platforms.Build.0 = Debug|Any CPU
		{CB8EE1E0-3F2E-4165-9531-B08A363C1C9B}.Debug|x86.ActiveCfg = Debug|Any CPU
		{CB8EE1E0-3F2E-4165-9531-B08A363C1C9B}.Release|Any CPU.ActiveCfg = Release|Any CPU
		{CB8EE1E0-3F2E-4165-9531-B08A363C1C9B}.Release|Any CPU.Build.0 = Release|Any CPU
		{CB8EE1E0-3F2E-4165-9531-B08A363C1C9B}.Release|Mixed Platforms.ActiveCfg = Release|Any CPU
		{CB8EE1E0-3F2E-4165-9531-B08A363C1C9B}.Release|Mixed Platforms.Build.0 = Release|Any CPU
		{CB8EE1E0-3F2E-4165-9531-B08A363C1C9B}.Release|x86.ActiveCfg = Release|Any CPU
		{33A2E572-2C7F-4C27-8570-8B42DF231C5F}.Debug|Any CPU.ActiveCfg = Debug|Any CPU
		{33A2E572-2C7F-4C27-8570-8B42DF231C5F}.Debug|Any CPU.Build.0 = Debug|Any CPU
		{33A2E572-2C7F-4C27-8570-8B42DF231C5F}.Debug|Mixed Platforms.ActiveCfg = Debug|Any CPU
		{33A2E572-2C7F-4C27-8570-8B42DF231C5F}.Debug|Mixed Platforms.Build.0 = Debug|Any CPU
		{33A2E572-2C7F-4C27-8570-8B42DF231C5F}.Debug|x86.ActiveCfg = Debug|Any CPU
		{33A2E572-2C7F-4C27-8570-8B42DF231C5F}.Release|Any CPU.ActiveCfg = Release|Any CPU
		{33A2E572-2C7F-4C27-8570-8B42DF231C5F}.Release|Any CPU.Build.0 = Release|Any CPU
		{33A2E572-2C7F-4C27-8570-8B42DF231C5F}.Release|Mixed Platforms.ActiveCfg = Release|Any CPU
		{33A2E572-2C7F-4C27-8570-8B42DF231C5F}.Release|Mixed Platforms.Build.0 = Release|Any CPU
		{33A2E572-2C7F-4C27-8570-8B42DF231C5F}.Release|x86.ActiveCfg = Release|Any CPU
		{C9D890D2-86C1-4A04-A557-CF8DC2633F22}.Debug|Any CPU.ActiveCfg = Debug|Any CPU
		{C9D890D2-86C1-4A04-A557-CF8DC2633F22}.Debug|Any CPU.Build.0 = Debug|Any CPU
		{C9D890D2-86C1-4A04-A557-CF8DC2633F22}.Debug|Mixed Platforms.ActiveCfg = Debug|Any CPU
		{C9D890D2-86C1-4A04-A557-CF8DC2633F22}.Debug|Mixed Platforms.Build.0 = Debug|Any CPU
		{C9D890D2-86C1-4A04-A557-CF8DC2633F22}.Debug|x86.ActiveCfg = Debug|Any CPU
		{C9D890D2-86C1-4A04-A557-CF8DC2633F22}.Release|Any CPU.ActiveCfg = Release|Any CPU
		{C9D890D2-86C1-4A04-A557-CF8DC2633F22}.Release|Any CPU.Build.0 = Release|Any CPU
		{C9D890D2-86C1-4A04-A557-CF8DC2633F22}.Release|Mixed Platforms.ActiveCfg = Release|Any CPU
		{C9D890D2-86C1-4A04-A557-CF8DC2633F22}.Release|Mixed Platforms.Build.0 = Release|Any CPU
		{C9D890D2-86C1-4A04-A557-CF8DC2633F22}.Release|x86.ActiveCfg = Release|Any CPU
		{F90618DE-1B52-4AEF-9ACF-64E165B70509}.Debug|Any CPU.ActiveCfg = Debug|Any CPU
		{F90618DE-1B52-4AEF-9ACF-64E165B70509}.Debug|Any CPU.Build.0 = Debug|Any CPU
		{F90618DE-1B52-4AEF-9ACF-64E165B70509}.Debug|Mixed Platforms.ActiveCfg = Debug|Any CPU
		{F90618DE-1B52-4AEF-9ACF-64E165B70509}.Debug|Mixed Platforms.Build.0 = Debug|Any CPU
		{F90618DE-1B52-4AEF-9ACF-64E165B70509}.Debug|x86.ActiveCfg = Debug|Any CPU
		{F90618DE-1B52-4AEF-9ACF-64E165B70509}.Release|Any CPU.ActiveCfg = Release|Any CPU
		{F90618DE-1B52-4AEF-9ACF-64E165B70509}.Release|Any CPU.Build.0 = Release|Any CPU
		{F90618DE-1B52-4AEF-9ACF-64E165B70509}.Release|Mixed Platforms.ActiveCfg = Release|Any CPU
		{F90618DE-1B52-4AEF-9ACF-64E165B70509}.Release|Mixed Platforms.Build.0 = Release|Any CPU
		{F90618DE-1B52-4AEF-9ACF-64E165B70509}.Release|x86.ActiveCfg = Release|Any CPU
		{F3E974CC-2AD4-478B-9472-EE6024D349B2}.Debug|Any CPU.ActiveCfg = Debug|Any CPU
		{F3E974CC-2AD4-478B-9472-EE6024D349B2}.Debug|Any CPU.Build.0 = Debug|Any CPU
		{F3E974CC-2AD4-478B-9472-EE6024D349B2}.Debug|Mixed Platforms.ActiveCfg = Debug|Any CPU
		{F3E974CC-2AD4-478B-9472-EE6024D349B2}.Debug|Mixed Platforms.Build.0 = Debug|Any CPU
		{F3E974CC-2AD4-478B-9472-EE6024D349B2}.Debug|x86.ActiveCfg = Debug|Any CPU
		{F3E974CC-2AD4-478B-9472-EE6024D349B2}.Release|Any CPU.ActiveCfg = Release|Any CPU
		{F3E974CC-2AD4-478B-9472-EE6024D349B2}.Release|Any CPU.Build.0 = Release|Any CPU
		{F3E974CC-2AD4-478B-9472-EE6024D349B2}.Release|Mixed Platforms.ActiveCfg = Release|Any CPU
		{F3E974CC-2AD4-478B-9472-EE6024D349B2}.Release|Mixed Platforms.Build.0 = Release|Any CPU
		{F3E974CC-2AD4-478B-9472-EE6024D349B2}.Release|x86.ActiveCfg = Release|Any CPU
		{C7837BA2-B4EC-40B6-96B6-00F9BE462A60}.Debug|Any CPU.ActiveCfg = Debug|Any CPU
		{C7837BA2-B4EC-40B6-96B6-00F9BE462A60}.Debug|Any CPU.Build.0 = Debug|Any CPU
		{C7837BA2-B4EC-40B6-96B6-00F9BE462A60}.Debug|Mixed Platforms.ActiveCfg = Debug|Any CPU
		{C7837BA2-B4EC-40B6-96B6-00F9BE462A60}.Debug|Mixed Platforms.Build.0 = Debug|Any CPU
		{C7837BA2-B4EC-40B6-96B6-00F9BE462A60}.Debug|x86.ActiveCfg = Debug|Any CPU
		{C7837BA2-B4EC-40B6-96B6-00F9BE462A60}.Release|Any CPU.ActiveCfg = Release|Any CPU
		{C7837BA2-B4EC-40B6-96B6-00F9BE462A60}.Release|Any CPU.Build.0 = Release|Any CPU
		{C7837BA2-B4EC-40B6-96B6-00F9BE462A60}.Release|Mixed Platforms.ActiveCfg = Release|Any CPU
		{C7837BA2-B4EC-40B6-96B6-00F9BE462A60}.Release|Mixed Platforms.Build.0 = Release|Any CPU
		{C7837BA2-B4EC-40B6-96B6-00F9BE462A60}.Release|x86.ActiveCfg = Release|Any CPU
		{BF2AD9E6-9914-4E70-9EDA-14BBDB2B6CE4}.Debug|Any CPU.ActiveCfg = Debug|Any CPU
		{BF2AD9E6-9914-4E70-9EDA-14BBDB2B6CE4}.Debug|Any CPU.Build.0 = Debug|Any CPU
		{BF2AD9E6-9914-4E70-9EDA-14BBDB2B6CE4}.Debug|Mixed Platforms.ActiveCfg = Debug|Any CPU
		{BF2AD9E6-9914-4E70-9EDA-14BBDB2B6CE4}.Debug|Mixed Platforms.Build.0 = Debug|Any CPU
		{BF2AD9E6-9914-4E70-9EDA-14BBDB2B6CE4}.Debug|x86.ActiveCfg = Debug|Any CPU
		{BF2AD9E6-9914-4E70-9EDA-14BBDB2B6CE4}.Release|Any CPU.ActiveCfg = Release|Any CPU
		{BF2AD9E6-9914-4E70-9EDA-14BBDB2B6CE4}.Release|Any CPU.Build.0 = Release|Any CPU
		{BF2AD9E6-9914-4E70-9EDA-14BBDB2B6CE4}.Release|Mixed Platforms.ActiveCfg = Release|Any CPU
		{BF2AD9E6-9914-4E70-9EDA-14BBDB2B6CE4}.Release|Mixed Platforms.Build.0 = Release|Any CPU
		{BF2AD9E6-9914-4E70-9EDA-14BBDB2B6CE4}.Release|x86.ActiveCfg = Release|Any CPU
		{9E4618EB-66F2-4ACD-A1B4-99C2743CEA43}.Debug|Any CPU.ActiveCfg = Debug|Any CPU
		{9E4618EB-66F2-4ACD-A1B4-99C2743CEA43}.Debug|Any CPU.Build.0 = Debug|Any CPU
		{9E4618EB-66F2-4ACD-A1B4-99C2743CEA43}.Debug|Mixed Platforms.ActiveCfg = Debug|Any CPU
		{9E4618EB-66F2-4ACD-A1B4-99C2743CEA43}.Debug|Mixed Platforms.Build.0 = Debug|Any CPU
		{9E4618EB-66F2-4ACD-A1B4-99C2743CEA43}.Debug|x86.ActiveCfg = Debug|Any CPU
		{9E4618EB-66F2-4ACD-A1B4-99C2743CEA43}.Release|Any CPU.ActiveCfg = Release|Any CPU
		{9E4618EB-66F2-4ACD-A1B4-99C2743CEA43}.Release|Any CPU.Build.0 = Release|Any CPU
		{9E4618EB-66F2-4ACD-A1B4-99C2743CEA43}.Release|Mixed Platforms.ActiveCfg = Release|Any CPU
		{9E4618EB-66F2-4ACD-A1B4-99C2743CEA43}.Release|Mixed Platforms.Build.0 = Release|Any CPU
		{9E4618EB-66F2-4ACD-A1B4-99C2743CEA43}.Release|x86.ActiveCfg = Release|Any CPU
		{BF7CE4C3-C4B3-4986-81B7-EC8F8157C070}.Debug|Any CPU.ActiveCfg = Debug|Any CPU
		{BF7CE4C3-C4B3-4986-81B7-EC8F8157C070}.Debug|Any CPU.Build.0 = Debug|Any CPU
		{BF7CE4C3-C4B3-4986-81B7-EC8F8157C070}.Debug|Mixed Platforms.ActiveCfg = Debug|Any CPU
		{BF7CE4C3-C4B3-4986-81B7-EC8F8157C070}.Debug|Mixed Platforms.Build.0 = Debug|Any CPU
		{BF7CE4C3-C4B3-4986-81B7-EC8F8157C070}.Debug|x86.ActiveCfg = Debug|Any CPU
		{BF7CE4C3-C4B3-4986-81B7-EC8F8157C070}.Release|Any CPU.ActiveCfg = Release|Any CPU
		{BF7CE4C3-C4B3-4986-81B7-EC8F8157C070}.Release|Any CPU.Build.0 = Release|Any CPU
		{BF7CE4C3-C4B3-4986-81B7-EC8F8157C070}.Release|Mixed Platforms.ActiveCfg = Release|Any CPU
		{BF7CE4C3-C4B3-4986-81B7-EC8F8157C070}.Release|Mixed Platforms.Build.0 = Release|Any CPU
		{BF7CE4C3-C4B3-4986-81B7-EC8F8157C070}.Release|x86.ActiveCfg = Release|Any CPU
		{4503FE8E-DA8E-4D2C-88E9-3F847A213FB3}.Debug|Any CPU.ActiveCfg = Debug|Any CPU
		{4503FE8E-DA8E-4D2C-88E9-3F847A213FB3}.Debug|Any CPU.Build.0 = Debug|Any CPU
		{4503FE8E-DA8E-4D2C-88E9-3F847A213FB3}.Debug|Mixed Platforms.ActiveCfg = Debug|Any CPU
		{4503FE8E-DA8E-4D2C-88E9-3F847A213FB3}.Debug|Mixed Platforms.Build.0 = Debug|Any CPU
		{4503FE8E-DA8E-4D2C-88E9-3F847A213FB3}.Debug|x86.ActiveCfg = Debug|Any CPU
		{4503FE8E-DA8E-4D2C-88E9-3F847A213FB3}.Release|Any CPU.ActiveCfg = Release|Any CPU
		{4503FE8E-DA8E-4D2C-88E9-3F847A213FB3}.Release|Any CPU.Build.0 = Release|Any CPU
		{4503FE8E-DA8E-4D2C-88E9-3F847A213FB3}.Release|Mixed Platforms.ActiveCfg = Release|Any CPU
		{4503FE8E-DA8E-4D2C-88E9-3F847A213FB3}.Release|Mixed Platforms.Build.0 = Release|Any CPU
		{4503FE8E-DA8E-4D2C-88E9-3F847A213FB3}.Release|x86.ActiveCfg = Release|Any CPU
		{ADDD4155-DFBE-4450-96E4-0E730CE38861}.Debug|Any CPU.ActiveCfg = Debug|Any CPU
		{ADDD4155-DFBE-4450-96E4-0E730CE38861}.Debug|Any CPU.Build.0 = Debug|Any CPU
		{ADDD4155-DFBE-4450-96E4-0E730CE38861}.Debug|Mixed Platforms.ActiveCfg = Debug|Any CPU
		{ADDD4155-DFBE-4450-96E4-0E730CE38861}.Debug|Mixed Platforms.Build.0 = Debug|Any CPU
		{ADDD4155-DFBE-4450-96E4-0E730CE38861}.Debug|x86.ActiveCfg = Debug|Any CPU
		{ADDD4155-DFBE-4450-96E4-0E730CE38861}.Release|Any CPU.ActiveCfg = Release|Any CPU
		{ADDD4155-DFBE-4450-96E4-0E730CE38861}.Release|Any CPU.Build.0 = Release|Any CPU
		{ADDD4155-DFBE-4450-96E4-0E730CE38861}.Release|Mixed Platforms.ActiveCfg = Release|Any CPU
		{ADDD4155-DFBE-4450-96E4-0E730CE38861}.Release|Mixed Platforms.Build.0 = Release|Any CPU
		{ADDD4155-DFBE-4450-96E4-0E730CE38861}.Release|x86.ActiveCfg = Release|Any CPU
		{9D7DB2FC-11D5-45AA-AB6E-F88C36CCA558}.Debug|Any CPU.ActiveCfg = Debug|Any CPU
		{9D7DB2FC-11D5-45AA-AB6E-F88C36CCA558}.Debug|Any CPU.Build.0 = Debug|Any CPU
		{9D7DB2FC-11D5-45AA-AB6E-F88C36CCA558}.Debug|Mixed Platforms.ActiveCfg = Debug|Any CPU
		{9D7DB2FC-11D5-45AA-AB6E-F88C36CCA558}.Debug|Mixed Platforms.Build.0 = Debug|Any CPU
		{9D7DB2FC-11D5-45AA-AB6E-F88C36CCA558}.Debug|x86.ActiveCfg = Debug|Any CPU
		{9D7DB2FC-11D5-45AA-AB6E-F88C36CCA558}.Release|Any CPU.ActiveCfg = Release|Any CPU
		{9D7DB2FC-11D5-45AA-AB6E-F88C36CCA558}.Release|Any CPU.Build.0 = Release|Any CPU
		{9D7DB2FC-11D5-45AA-AB6E-F88C36CCA558}.Release|Mixed Platforms.ActiveCfg = Release|Any CPU
		{9D7DB2FC-11D5-45AA-AB6E-F88C36CCA558}.Release|Mixed Platforms.Build.0 = Release|Any CPU
		{9D7DB2FC-11D5-45AA-AB6E-F88C36CCA558}.Release|x86.ActiveCfg = Release|Any CPU
		{A44EB807-6781-4292-B9D5-2BA3C1BFA473}.Debug|Any CPU.ActiveCfg = Debug|Any CPU
		{A44EB807-6781-4292-B9D5-2BA3C1BFA473}.Debug|Any CPU.Build.0 = Debug|Any CPU
		{A44EB807-6781-4292-B9D5-2BA3C1BFA473}.Debug|Mixed Platforms.ActiveCfg = Debug|Any CPU
		{A44EB807-6781-4292-B9D5-2BA3C1BFA473}.Debug|Mixed Platforms.Build.0 = Debug|Any CPU
		{A44EB807-6781-4292-B9D5-2BA3C1BFA473}.Debug|x86.ActiveCfg = Debug|Any CPU
		{A44EB807-6781-4292-B9D5-2BA3C1BFA473}.Release|Any CPU.ActiveCfg = Release|Any CPU
		{A44EB807-6781-4292-B9D5-2BA3C1BFA473}.Release|Any CPU.Build.0 = Release|Any CPU
		{A44EB807-6781-4292-B9D5-2BA3C1BFA473}.Release|Mixed Platforms.ActiveCfg = Release|Any CPU
		{A44EB807-6781-4292-B9D5-2BA3C1BFA473}.Release|Mixed Platforms.Build.0 = Release|Any CPU
		{A44EB807-6781-4292-B9D5-2BA3C1BFA473}.Release|x86.ActiveCfg = Release|Any CPU
		{D9B24D7D-1D1D-4D85-B0A5-D8C7BE6ED08C}.Debug|Any CPU.ActiveCfg = Debug|Any CPU
		{D9B24D7D-1D1D-4D85-B0A5-D8C7BE6ED08C}.Debug|Any CPU.Build.0 = Debug|Any CPU
		{D9B24D7D-1D1D-4D85-B0A5-D8C7BE6ED08C}.Debug|Mixed Platforms.ActiveCfg = Debug|Any CPU
		{D9B24D7D-1D1D-4D85-B0A5-D8C7BE6ED08C}.Debug|Mixed Platforms.Build.0 = Debug|Any CPU
		{D9B24D7D-1D1D-4D85-B0A5-D8C7BE6ED08C}.Debug|x86.ActiveCfg = Debug|Any CPU
		{D9B24D7D-1D1D-4D85-B0A5-D8C7BE6ED08C}.Release|Any CPU.ActiveCfg = Release|Any CPU
		{D9B24D7D-1D1D-4D85-B0A5-D8C7BE6ED08C}.Release|Any CPU.Build.0 = Release|Any CPU
		{D9B24D7D-1D1D-4D85-B0A5-D8C7BE6ED08C}.Release|Mixed Platforms.ActiveCfg = Release|Any CPU
		{D9B24D7D-1D1D-4D85-B0A5-D8C7BE6ED08C}.Release|Mixed Platforms.Build.0 = Release|Any CPU
		{D9B24D7D-1D1D-4D85-B0A5-D8C7BE6ED08C}.Release|x86.ActiveCfg = Release|Any CPU
		{67AB5871-ED0C-41D4-A2E6-7D227B4E3AF1}.Debug|Any CPU.ActiveCfg = Debug|Any CPU
		{67AB5871-ED0C-41D4-A2E6-7D227B4E3AF1}.Debug|Any CPU.Build.0 = Debug|Any CPU
		{67AB5871-ED0C-41D4-A2E6-7D227B4E3AF1}.Debug|Mixed Platforms.ActiveCfg = Debug|Any CPU
		{67AB5871-ED0C-41D4-A2E6-7D227B4E3AF1}.Debug|Mixed Platforms.Build.0 = Debug|Any CPU
		{67AB5871-ED0C-41D4-A2E6-7D227B4E3AF1}.Debug|x86.ActiveCfg = Debug|Any CPU
		{67AB5871-ED0C-41D4-A2E6-7D227B4E3AF1}.Release|Any CPU.ActiveCfg = Release|Any CPU
		{67AB5871-ED0C-41D4-A2E6-7D227B4E3AF1}.Release|Any CPU.Build.0 = Release|Any CPU
		{67AB5871-ED0C-41D4-A2E6-7D227B4E3AF1}.Release|Mixed Platforms.ActiveCfg = Release|Any CPU
		{67AB5871-ED0C-41D4-A2E6-7D227B4E3AF1}.Release|Mixed Platforms.Build.0 = Release|Any CPU
		{67AB5871-ED0C-41D4-A2E6-7D227B4E3AF1}.Release|x86.ActiveCfg = Release|Any CPU
		{C7380321-5C9A-4679-B576-B5FB22C33791}.Debug|Any CPU.ActiveCfg = Debug|x86
		{C7380321-5C9A-4679-B576-B5FB22C33791}.Debug|Mixed Platforms.ActiveCfg = Debug|x86
		{C7380321-5C9A-4679-B576-B5FB22C33791}.Debug|Mixed Platforms.Build.0 = Debug|x86
		{C7380321-5C9A-4679-B576-B5FB22C33791}.Debug|x86.ActiveCfg = Debug|x86
		{C7380321-5C9A-4679-B576-B5FB22C33791}.Debug|x86.Build.0 = Debug|x86
		{C7380321-5C9A-4679-B576-B5FB22C33791}.Release|Any CPU.ActiveCfg = Release|x86
		{C7380321-5C9A-4679-B576-B5FB22C33791}.Release|Mixed Platforms.ActiveCfg = Release|x86
		{C7380321-5C9A-4679-B576-B5FB22C33791}.Release|Mixed Platforms.Build.0 = Release|x86
		{C7380321-5C9A-4679-B576-B5FB22C33791}.Release|x86.ActiveCfg = Release|x86
		{C7380321-5C9A-4679-B576-B5FB22C33791}.Release|x86.Build.0 = Release|x86
		{89F23EEC-0FA2-4B79-9C46-C84ADF256BA4}.Debug|Any CPU.ActiveCfg = Debug|Any CPU
		{89F23EEC-0FA2-4B79-9C46-C84ADF256BA4}.Debug|Any CPU.Build.0 = Debug|Any CPU
		{89F23EEC-0FA2-4B79-9C46-C84ADF256BA4}.Debug|Mixed Platforms.ActiveCfg = Debug|Any CPU
		{89F23EEC-0FA2-4B79-9C46-C84ADF256BA4}.Debug|Mixed Platforms.Build.0 = Debug|Any CPU
		{89F23EEC-0FA2-4B79-9C46-C84ADF256BA4}.Debug|x86.ActiveCfg = Debug|Any CPU
		{89F23EEC-0FA2-4B79-9C46-C84ADF256BA4}.Release|Any CPU.ActiveCfg = Release|Any CPU
		{89F23EEC-0FA2-4B79-9C46-C84ADF256BA4}.Release|Any CPU.Build.0 = Release|Any CPU
		{89F23EEC-0FA2-4B79-9C46-C84ADF256BA4}.Release|Mixed Platforms.ActiveCfg = Release|Any CPU
		{89F23EEC-0FA2-4B79-9C46-C84ADF256BA4}.Release|Mixed Platforms.Build.0 = Release|Any CPU
		{89F23EEC-0FA2-4B79-9C46-C84ADF256BA4}.Release|x86.ActiveCfg = Release|Any CPU
		{A42748A6-FE1C-465C-BA57-1D2DBCE0EE1F}.Debug|Any CPU.ActiveCfg = Debug|Any CPU
		{A42748A6-FE1C-465C-BA57-1D2DBCE0EE1F}.Debug|Any CPU.Build.0 = Debug|Any CPU
		{A42748A6-FE1C-465C-BA57-1D2DBCE0EE1F}.Debug|Mixed Platforms.ActiveCfg = Debug|Any CPU
		{A42748A6-FE1C-465C-BA57-1D2DBCE0EE1F}.Debug|Mixed Platforms.Build.0 = Debug|Any CPU
		{A42748A6-FE1C-465C-BA57-1D2DBCE0EE1F}.Debug|x86.ActiveCfg = Debug|Any CPU
		{A42748A6-FE1C-465C-BA57-1D2DBCE0EE1F}.Release|Any CPU.ActiveCfg = Release|Any CPU
		{A42748A6-FE1C-465C-BA57-1D2DBCE0EE1F}.Release|Any CPU.Build.0 = Release|Any CPU
		{A42748A6-FE1C-465C-BA57-1D2DBCE0EE1F}.Release|Mixed Platforms.ActiveCfg = Release|Any CPU
		{A42748A6-FE1C-465C-BA57-1D2DBCE0EE1F}.Release|Mixed Platforms.Build.0 = Release|Any CPU
		{A42748A6-FE1C-465C-BA57-1D2DBCE0EE1F}.Release|x86.ActiveCfg = Release|Any CPU
	EndGlobalSection
	GlobalSection(SolutionProperties) = preSolution
		HideSolutionNode = FALSE
	EndGlobalSection
	GlobalSection(NestedProjects) = preSolution
		{1A27CD66-4C00-4AE5-948E-410C75A903E1} = {E4B7B82D-CB24-4769-AA8E-BADCC76FFD6F}
		{B2648F89-C194-48C8-A084-EF7C33B6045C} = {E4B7B82D-CB24-4769-AA8E-BADCC76FFD6F}
		{8CB2F5D8-FC64-4D69-9A3C-C52E37DAA49E} = {E4B7B82D-CB24-4769-AA8E-BADCC76FFD6F}
		{D47EDC6B-0BE3-4BC8-A43A-B0DA90CCF465} = {E4B7B82D-CB24-4769-AA8E-BADCC76FFD6F}
		{689AEF74-CBF9-4759-919C-26B18A3CAB8B} = {E4B7B82D-CB24-4769-AA8E-BADCC76FFD6F}
		{D0DD4451-BAFD-41E2-B6B8-566E3BAFD20A} = {E4B7B82D-CB24-4769-AA8E-BADCC76FFD6F}
		{0D998ABC-E0B8-47EB-9D74-114209527419} = {E4B7B82D-CB24-4769-AA8E-BADCC76FFD6F}
		{328DE49F-A6FE-4922-BBE5-71BB375389EF} = {E4B7B82D-CB24-4769-AA8E-BADCC76FFD6F}
		{FAEA24DE-FC75-4261-889B-304F59D3FF85} = {E4B7B82D-CB24-4769-AA8E-BADCC76FFD6F}
		{3A43018C-E0DE-42EB-9497-2734BB2B502E} = {E4B7B82D-CB24-4769-AA8E-BADCC76FFD6F}
		{A5046ADF-9F92-4C36-BA9B-33C738A652CC} = {E4B7B82D-CB24-4769-AA8E-BADCC76FFD6F}
		{5869DF27-DF47-4B74-81CC-6018DC77A070} = {E4B7B82D-CB24-4769-AA8E-BADCC76FFD6F}
		{24632FDB-95C9-4112-A16A-20B8FF065B25} = {E4B7B82D-CB24-4769-AA8E-BADCC76FFD6F}
		{55A8917A-EA43-403C-A00C-2FCAEB8E99EF} = {E4B7B82D-CB24-4769-AA8E-BADCC76FFD6F}
		{786FA73E-B9CB-4294-8157-F1C78103153F} = {E4B7B82D-CB24-4769-AA8E-BADCC76FFD6F}
		{08210552-2F25-4A33-AFE4-9119FFF2AC60} = {E4B7B82D-CB24-4769-AA8E-BADCC76FFD6F}
		{CF42EAE9-0AFA-4BA0-BEDC-395BD079761E} = {E4B7B82D-CB24-4769-AA8E-BADCC76FFD6F}
		{A44EB807-6781-4292-B9D5-2BA3C1BFA473} = {E4B7B82D-CB24-4769-AA8E-BADCC76FFD6F}
		{D9B24D7D-1D1D-4D85-B0A5-D8C7BE6ED08C} = {E4B7B82D-CB24-4769-AA8E-BADCC76FFD6F}
		{67AB5871-ED0C-41D4-A2E6-7D227B4E3AF1} = {E4B7B82D-CB24-4769-AA8E-BADCC76FFD6F}
		{BD7ED6FD-DD1F-4375-A772-24C356BB61C3} = {47F65740-6125-4935-B875-E69111E2CBE5}
		{24516713-A01C-447F-8A7E-894F0CDDE6A9} = {47F65740-6125-4935-B875-E69111E2CBE5}
		{53090AB1-0E1F-4C0D-B2A0-F5B2EC4D22B0} = {47F65740-6125-4935-B875-E69111E2CBE5}
		{9577438D-8610-40CF-B769-5D163E23604E} = {47F65740-6125-4935-B875-E69111E2CBE5}
		{06DEC76A-D06E-4F12-8DCA-32E54ED86FB5} = {47F65740-6125-4935-B875-E69111E2CBE5}
		{DFC4D98B-7633-470F-8ACF-0C64DD957EA4} = {47F65740-6125-4935-B875-E69111E2CBE5}
		{C7380321-5C9A-4679-B576-B5FB22C33791} = {47F65740-6125-4935-B875-E69111E2CBE5}
		{0CA1E92B-B1E0-4E22-8FA5-747753AA8E72} = {52C62930-A061-4CE6-8DE4-6138C4CE51A7}
		{6761BABC-8D45-4D08-B112-088FA47AB625} = {192C67D7-026D-4003-9DDF-05F24B2672B4}
		{49D7FB03-A129-4E44-9327-51EC4E1E0FB4} = {192C67D7-026D-4003-9DDF-05F24B2672B4}
		{55E77316-2E6B-4D00-AAD6-C755C70FE812} = {192C67D7-026D-4003-9DDF-05F24B2672B4}
		{26BEFDB1-9762-4132-9F45-06CABE14D43C} = {192C67D7-026D-4003-9DDF-05F24B2672B4}
		{DE7E4F9F-9917-4931-A44B-B21A18C86669} = {192C67D7-026D-4003-9DDF-05F24B2672B4}
		{88257D62-7FE9-4128-A39B-1FF4511C8B3A} = {192C67D7-026D-4003-9DDF-05F24B2672B4}
		{450A9049-224E-47D2-ADF8-D57A168DC266} = {192C67D7-026D-4003-9DDF-05F24B2672B4}
		{D0C24324-EBBE-450A-88D7-F71DA081B063} = {192C67D7-026D-4003-9DDF-05F24B2672B4}
		{DF6C3E33-9425-410B-A103-069A249DD087} = {192C67D7-026D-4003-9DDF-05F24B2672B4}
		{E5664DBD-9741-4025-AE6E-56F289B10AF1} = {192C67D7-026D-4003-9DDF-05F24B2672B4}
		{19543C42-11DF-4BE3-AAFF-8C0B6ED2E939} = {192C67D7-026D-4003-9DDF-05F24B2672B4}
		{F168EE13-6F43-4116-A91A-17A5D174ADEE} = {192C67D7-026D-4003-9DDF-05F24B2672B4}
		{C7881CF5-78D7-456A-8A66-4AAC321342D5} = {192C67D7-026D-4003-9DDF-05F24B2672B4}
		{AABEE5A5-1FB6-405F-A2B0-44970D25D4DB} = {192C67D7-026D-4003-9DDF-05F24B2672B4}
		{586B36F9-F3CE-43F5-ADF4-17EB6987BE40} = {192C67D7-026D-4003-9DDF-05F24B2672B4}
		{2ADA20D1-F2BC-4B5F-A6BF-2F0C198EBC57} = {192C67D7-026D-4003-9DDF-05F24B2672B4}
		{E1332A3F-04D1-4D02-B0F0-A20046EAF437} = {192C67D7-026D-4003-9DDF-05F24B2672B4}
		{4F931C9B-A090-4C7C-AD99-F530BB5FD8DE} = {192C67D7-026D-4003-9DDF-05F24B2672B4}
		{1728DBDD-7471-4C03-809B-C2E83A4C8C7C} = {192C67D7-026D-4003-9DDF-05F24B2672B4}
		{CAAF02C4-DA84-47BF-8FB6-150BE71785CA} = {192C67D7-026D-4003-9DDF-05F24B2672B4}
		{FCD84E3E-877B-4694-AAF0-4F6A376FC50F} = {192C67D7-026D-4003-9DDF-05F24B2672B4}
		{1BF4EBC9-3BA5-4979-9F91-19AFFB3E5FAF} = {28AF6DD7-3636-440A-8443-3CB0A4084FA2}
		{7A5EF097-198B-48DB-B21A-74072143CD4F} = {28AF6DD7-3636-440A-8443-3CB0A4084FA2}
		{98F17037-3806-4945-ACBC-4001AA27BE60} = {28AF6DD7-3636-440A-8443-3CB0A4084FA2}
		{AB046CD6-556B-4023-BAC1-3F0F3183B630} = {28AF6DD7-3636-440A-8443-3CB0A4084FA2}
		{9A647497-1729-4D74-9E4C-58E6BEC25BEB} = {28AF6DD7-3636-440A-8443-3CB0A4084FA2}
		{CB8EE1E0-3F2E-4165-9531-B08A363C1C9B} = {28AF6DD7-3636-440A-8443-3CB0A4084FA2}
		{C7837BA2-B4EC-40B6-96B6-00F9BE462A60} = {28AF6DD7-3636-440A-8443-3CB0A4084FA2}
		{BF2AD9E6-9914-4E70-9EDA-14BBDB2B6CE4} = {28AF6DD7-3636-440A-8443-3CB0A4084FA2}
		{9E4618EB-66F2-4ACD-A1B4-99C2743CEA43} = {28AF6DD7-3636-440A-8443-3CB0A4084FA2}
		{86B88C1E-A39A-4722-A024-37B0147ADA39} = {D948FE17-B49E-4037-9718-D329F2161BE3}
		{33A2E572-2C7F-4C27-8570-8B42DF231C5F} = {7C0B6F98-86A5-4EF6-89E8-8BCE6BC90F69}
		{C9D890D2-86C1-4A04-A557-CF8DC2633F22} = {7C0B6F98-86A5-4EF6-89E8-8BCE6BC90F69}
		{F90618DE-1B52-4AEF-9ACF-64E165B70509} = {C8B4E3A5-DA24-457D-8099-A0E91084F413}
		{F3E974CC-2AD4-478B-9472-EE6024D349B2} = {C8B4E3A5-DA24-457D-8099-A0E91084F413}
		{BF7CE4C3-C4B3-4986-81B7-EC8F8157C070} = {65160E95-BBAD-400D-9AAD-C2E021E371E0}
		{4503FE8E-DA8E-4D2C-88E9-3F847A213FB3} = {65160E95-BBAD-400D-9AAD-C2E021E371E0}
		{ADDD4155-DFBE-4450-96E4-0E730CE38861} = {65160E95-BBAD-400D-9AAD-C2E021E371E0}
		{9D7DB2FC-11D5-45AA-AB6E-F88C36CCA558} = {65160E95-BBAD-400D-9AAD-C2E021E371E0}
		{89F23EEC-0FA2-4B79-9C46-C84ADF256BA4} = {65160E95-BBAD-400D-9AAD-C2E021E371E0}
	EndGlobalSection
	GlobalSection(ExtensibilityGlobals) = postSolution
		EnterpriseLibraryConfigurationToolBinariesPath = packages\Unity.2.1.505.0\lib\NET35
	EndGlobalSection
EndGlobal
