
Microsoft Visual Studio Solution File, Format Version 11.00
# Visual Studio 2010
Project("{FAE04EC0-301F-11D3-BF4B-00C04F79EFBC}") = "StyleCopPackage", "StyleCopPackage\StyleCopPackage.csproj", "{43D7B949-7891-423B-A4BF-F554CDFC7F93}"
EndProject
Global
	GlobalSection(SolutionConfigurationPlatforms) = preSolution
		Debug|Any CPU = Debug|Any CPU
		Release|Any CPU = Release|Any CPU
	EndGlobalSection
	GlobalSection(ProjectConfigurationPlatforms) = postSolution
		{43D7B949-7891-423B-A4BF-F554CDFC7F93}.Debug|Any CPU.ActiveCfg = Debug|Any CPU
		{43D7B949-7891-423B-A4BF-F554CDFC7F93}.Debug|Any CPU.Build.0 = Debug|Any CPU
		{43D7B949-7891-423B-A4BF-F554CDFC7F93}.Release|Any CPU.ActiveCfg = Release|Any CPU
		{43D7B949-7891-423B-A4BF-F554CDFC7F93}.Release|Any CPU.Build.0 = Release|Any CPU
	EndGlobalSection
	GlobalSection(SolutionProperties) = preSolution
		HideSolutionNode = FALSE
	EndGlobalSection
EndGlobal
